<?xml version="1.0" encoding="UTF-8"?>
<!DOCTYPE plist PUBLIC "-//Apple//DTD PLIST 1.0//EN" "http://www.apple.com/DTDs/PropertyList-1.0.dtd">
<plist version="1.0">
<dict>
	<key>archiveVersion</key>
	<string>1</string>
	<key>classes</key>
	<dict/>
	<key>objectVersion</key>
	<string>46</string>
	<key>objects</key>
	<dict>
		<key>285BA2999A0D43AD9BA46C13</key>
		<dict>
			<key>buildActionMask</key>
			<string>2147483647</string>
			<key>files</key>
			<array/>
			<key>inputPaths</key>
			<array/>
			<key>isa</key>
			<string>PBXShellScriptBuildPhase</string>
			<key>name</key>
			<string>Check Pods Manifest.lock</string>
			<key>outputPaths</key>
			<array/>
			<key>runOnlyForDeploymentPostprocessing</key>
			<string>0</string>
			<key>shellPath</key>
			<string>/bin/sh</string>
			<key>shellScript</key>
			<string>diff "${PODS_ROOT}/../Podfile.lock" "${PODS_ROOT}/Manifest.lock" &gt; /dev/null
if [[ $? != 0 ]] ; then
    cat &lt;&lt; EOM
error: The sandbox is not in sync with the Podfile.lock. Run 'pod install' or update your CocoaPods installation.
EOM
    exit 1
fi
</string>
			<key>showEnvVarsInLog</key>
			<string>0</string>
		</dict>
		<key>32629A8CC07EC786B4B6BF2B</key>
		<dict>
			<key>includeInIndex</key>
			<string>1</string>
			<key>isa</key>
			<string>PBXFileReference</string>
			<key>lastKnownFileType</key>
			<string>text.xcconfig</string>
			<key>name</key>
			<string>Pods.release.xcconfig</string>
			<key>path</key>
			<string>Pods/Target Support Files/Pods/Pods.release.xcconfig</string>
			<key>sourceTree</key>
			<string>&lt;group&gt;</string>
		</dict>
		<key>65F86A33B682476FBAAC9AE6</key>
		<dict>
			<key>fileRef</key>
			<string>CF473646EE4645ECB8A1B050</string>
			<key>isa</key>
			<string>PBXBuildFile</string>
		</dict>
		<key>69808365EA0D490B9CC26CB3</key>
		<dict>
			<key>buildActionMask</key>
			<string>2147483647</string>
			<key>files</key>
			<array/>
			<key>inputPaths</key>
			<array/>
			<key>isa</key>
			<string>PBXShellScriptBuildPhase</string>
			<key>name</key>
			<string>Copy Pods Resources</string>
			<key>outputPaths</key>
			<array/>
			<key>runOnlyForDeploymentPostprocessing</key>
			<string>0</string>
			<key>shellPath</key>
			<string>/bin/sh</string>
			<key>shellScript</key>
			<string>"${SRCROOT}/Pods/Target Support Files/Pods/Pods-resources.sh"
</string>
			<key>showEnvVarsInLog</key>
			<string>0</string>
		</dict>
		<key>8074225D79F3AFFFEE8E01D6</key>
		<dict>
			<key>includeInIndex</key>
			<string>1</string>
			<key>isa</key>
			<string>PBXFileReference</string>
			<key>lastKnownFileType</key>
			<string>text.xcconfig</string>
			<key>name</key>
			<string>Pods.debug.xcconfig</string>
			<key>path</key>
			<string>Pods/Target Support Files/Pods/Pods.debug.xcconfig</string>
			<key>sourceTree</key>
			<string>&lt;group&gt;</string>
		</dict>
		<key>B6B68DC41B208B13CBB51854</key>
		<dict>
			<key>children</key>
			<array>
				<string>8074225D79F3AFFFEE8E01D6</string>
				<string>32629A8CC07EC786B4B6BF2B</string>
			</array>
			<key>isa</key>
			<string>PBXGroup</string>
			<key>name</key>
			<string>Pods</string>
			<key>sourceTree</key>
			<string>&lt;group&gt;</string>
		</dict>
		<key>CF473646EE4645ECB8A1B050</key>
		<dict>
			<key>explicitFileType</key>
			<string>archive.ar</string>
			<key>includeInIndex</key>
			<string>0</string>
			<key>isa</key>
			<string>PBXFileReference</string>
			<key>path</key>
			<string>libPods.a</string>
			<key>sourceTree</key>
			<string>BUILT_PRODUCTS_DIR</string>
		</dict>
		<key>F40BBA6918538DAD00877D60</key>
		<dict>
			<key>fileEncoding</key>
			<string>4</string>
			<key>isa</key>
			<string>PBXFileReference</string>
			<key>lastKnownFileType</key>
			<string>sourcecode.c.h</string>
			<key>path</key>
			<string>PASAddFromMusicTVC.h</string>
			<key>sourceTree</key>
			<string>&lt;group&gt;</string>
		</dict>
		<key>F40BBA6A18538DAD00877D60</key>
		<dict>
			<key>fileEncoding</key>
			<string>4</string>
			<key>isa</key>
			<string>PBXFileReference</string>
			<key>lastKnownFileType</key>
			<string>sourcecode.c.objc</string>
			<key>path</key>
			<string>PASAddFromMusicTVC.m</string>
			<key>sourceTree</key>
			<string>&lt;group&gt;</string>
		</dict>
		<key>F40BBA6B18538DAD00877D60</key>
		<dict>
			<key>fileRef</key>
			<string>F40BBA6A18538DAD00877D60</string>
			<key>isa</key>
			<string>PBXBuildFile</string>
		</dict>
		<key>F40BBA6D1853908700877D60</key>
		<dict>
			<key>isa</key>
			<string>PBXFileReference</string>
			<key>lastKnownFileType</key>
			<string>wrapper.framework</string>
			<key>name</key>
			<string>MediaPlayer.framework</string>
			<key>path</key>
			<string>System/Library/Frameworks/MediaPlayer.framework</string>
			<key>sourceTree</key>
			<string>SDKROOT</string>
		</dict>
		<key>F40BBA6E1853908700877D60</key>
		<dict>
			<key>fileRef</key>
			<string>F40BBA6D1853908700877D60</string>
			<key>isa</key>
			<string>PBXBuildFile</string>
		</dict>
		<key>F42422A319CD8FCA0097C0F1</key>
		<dict>
			<key>fileEncoding</key>
			<string>4</string>
			<key>isa</key>
			<string>PBXFileReference</string>
			<key>lastKnownFileType</key>
			<string>sourcecode.c.h</string>
			<key>path</key>
			<string>PASInteractiveTransition.h</string>
			<key>sourceTree</key>
			<string>&lt;group&gt;</string>
		</dict>
		<key>F42422A419CD8FCA0097C0F1</key>
		<dict>
			<key>fileEncoding</key>
			<string>4</string>
			<key>isa</key>
			<string>PBXFileReference</string>
			<key>lastKnownFileType</key>
			<string>sourcecode.c.objc</string>
			<key>path</key>
			<string>PASInteractiveTransition.m</string>
			<key>sourceTree</key>
			<string>&lt;group&gt;</string>
		</dict>
		<key>F42422A519CD8FCA0097C0F1</key>
		<dict>
			<key>fileRef</key>
			<string>F42422A419CD8FCA0097C0F1</string>
			<key>isa</key>
			<string>PBXBuildFile</string>
		</dict>
		<key>F424EE2D19B656D40010B3E1</key>
		<dict>
			<key>isa</key>
			<string>PBXFileReference</string>
			<key>lastKnownFileType</key>
			<string>wrapper.framework</string>
			<key>name</key>
			<string>AudioToolbox.framework</string>
			<key>path</key>
			<string>System/Library/Frameworks/AudioToolbox.framework</string>
			<key>sourceTree</key>
			<string>SDKROOT</string>
		</dict>
		<key>F424EE2E19B656D40010B3E1</key>
		<dict>
			<key>fileRef</key>
			<string>F424EE2D19B656D40010B3E1</string>
			<key>isa</key>
			<string>PBXBuildFile</string>
		</dict>
		<key>F424EE2F19B656DD0010B3E1</key>
		<dict>
			<key>isa</key>
			<string>PBXFileReference</string>
			<key>lastKnownFileType</key>
			<string>wrapper.framework</string>
			<key>name</key>
			<string>CFNetwork.framework</string>
			<key>path</key>
			<string>System/Library/Frameworks/CFNetwork.framework</string>
			<key>sourceTree</key>
			<string>SDKROOT</string>
		</dict>
		<key>F424EE3019B656DD0010B3E1</key>
		<dict>
			<key>fileRef</key>
			<string>F424EE2F19B656DD0010B3E1</string>
			<key>isa</key>
			<string>PBXBuildFile</string>
		</dict>
		<key>F424EE3319B656FA0010B3E1</key>
		<dict>
			<key>isa</key>
			<string>PBXFileReference</string>
			<key>lastKnownFileType</key>
			<string>compiled.mach-o.dylib</string>
			<key>name</key>
			<string>libz.dylib</string>
			<key>path</key>
			<string>usr/lib/libz.dylib</string>
			<key>sourceTree</key>
			<string>SDKROOT</string>
		</dict>
		<key>F424EE3419B656FA0010B3E1</key>
		<dict>
			<key>fileRef</key>
			<string>F424EE3319B656FA0010B3E1</string>
			<key>isa</key>
			<string>PBXBuildFile</string>
		</dict>
		<key>F424EE3719B657120010B3E1</key>
		<dict>
			<key>isa</key>
			<string>PBXFileReference</string>
			<key>lastKnownFileType</key>
			<string>wrapper.framework</string>
			<key>name</key>
			<string>Security.framework</string>
			<key>path</key>
			<string>System/Library/Frameworks/Security.framework</string>
			<key>sourceTree</key>
			<string>SDKROOT</string>
		</dict>
		<key>F424EE3819B657120010B3E1</key>
		<dict>
			<key>fileRef</key>
			<string>F424EE3719B657120010B3E1</string>
			<key>isa</key>
			<string>PBXBuildFile</string>
		</dict>
		<key>F4256EC319EB1AAB00B9D95B</key>
		<dict>
			<key>fileEncoding</key>
			<string>4</string>
			<key>isa</key>
			<string>PBXFileReference</string>
			<key>lastKnownFileType</key>
			<string>file.xib</string>
			<key>path</key>
			<string>PASExtendedNavContainer.xib</string>
			<key>sourceTree</key>
			<string>&lt;group&gt;</string>
		</dict>
		<key>F4256EC419EB1AAB00B9D95B</key>
		<dict>
			<key>fileRef</key>
			<string>F4256EC319EB1AAB00B9D95B</string>
			<key>isa</key>
			<string>PBXBuildFile</string>
		</dict>
		<key>F438692A17A55CE6000B7817</key>
		<dict>
			<key>fileRef</key>
			<string>F4A60FD917A05EC8008D8F6C</string>
			<key>isa</key>
			<string>PBXBuildFile</string>
		</dict>
		<key>F438692B17A55CEF000B7817</key>
		<dict>
			<key>fileRef</key>
			<string>F4A60FD717A05EBC008D8F6C</string>
			<key>isa</key>
			<string>PBXBuildFile</string>
		</dict>
		<key>F4589D3B19C240D500E17D49</key>
		<dict>
			<key>fileEncoding</key>
			<string>4</string>
			<key>isa</key>
			<string>PBXFileReference</string>
			<key>lastKnownFileType</key>
			<string>sourcecode.c.h</string>
			<key>path</key>
			<string>PASPageViewController.h</string>
			<key>sourceTree</key>
			<string>&lt;group&gt;</string>
		</dict>
		<key>F4589D3C19C240D500E17D49</key>
		<dict>
			<key>fileEncoding</key>
			<string>4</string>
			<key>isa</key>
			<string>PBXFileReference</string>
			<key>lastKnownFileType</key>
			<string>sourcecode.c.objc</string>
			<key>path</key>
			<string>PASPageViewController.m</string>
			<key>sourceTree</key>
			<string>&lt;group&gt;</string>
		</dict>
		<key>F4589D3D19C240D500E17D49</key>
		<dict>
			<key>fileRef</key>
			<string>F4589D3C19C240D500E17D49</string>
			<key>isa</key>
			<string>PBXBuildFile</string>
		</dict>
		<key>F461C8DE19EB006C0081B445</key>
		<dict>
			<key>fileEncoding</key>
			<string>4</string>
			<key>isa</key>
			<string>PBXFileReference</string>
			<key>lastKnownFileType</key>
			<string>sourcecode.c.h</string>
			<key>path</key>
			<string>PASExtendedNavContainer.h</string>
			<key>sourceTree</key>
			<string>&lt;group&gt;</string>
		</dict>
		<key>F461C8DF19EB006C0081B445</key>
		<dict>
			<key>fileEncoding</key>
			<string>4</string>
			<key>isa</key>
			<string>PBXFileReference</string>
			<key>lastKnownFileType</key>
			<string>sourcecode.c.objc</string>
			<key>path</key>
			<string>PASExtendedNavContainer.m</string>
			<key>sourceTree</key>
			<string>&lt;group&gt;</string>
		</dict>
		<key>F461C8E119EB006C0081B445</key>
		<dict>
			<key>fileRef</key>
			<string>F461C8DF19EB006C0081B445</string>
			<key>isa</key>
			<string>PBXBuildFile</string>
		</dict>
		<key>F4694D6219B74ABB00D12576</key>
		<dict>
			<key>fileEncoding</key>
			<string>4</string>
			<key>isa</key>
			<string>PBXFileReference</string>
			<key>lastKnownFileType</key>
			<string>sourcecode.c.h</string>
			<key>path</key>
			<string>PASFavArtistsTVC.h</string>
			<key>sourceTree</key>
			<string>&lt;group&gt;</string>
		</dict>
		<key>F4694D6319B74ABB00D12576</key>
		<dict>
			<key>fileEncoding</key>
			<string>4</string>
			<key>isa</key>
			<string>PBXFileReference</string>
			<key>lastKnownFileType</key>
			<string>sourcecode.c.objc</string>
			<key>path</key>
			<string>PASFavArtistsTVC.m</string>
			<key>sourceTree</key>
			<string>&lt;group&gt;</string>
		</dict>
		<key>F4694D6419B74ABB00D12576</key>
		<dict>
			<key>fileRef</key>
			<string>F4694D6319B74ABB00D12576</string>
			<key>isa</key>
			<string>PBXBuildFile</string>
		</dict>
		<key>F476F0E819B8D8C500185544</key>
		<dict>
			<key>children</key>
			<array>
				<string>F4D284CE19E0AE26008A3913</string>
				<string>F4D284CF19E0AE26008A3913</string>
				<string>F476F0E919B8D8EA00185544</string>
				<string>F476F0EA19B8D8EA00185544</string>
				<string>F4D284CB19E087D0008A3913</string>
				<string>F4D284CC19E087D0008A3913</string>
			</array>
			<key>isa</key>
			<string>PBXGroup</string>
			<key>name</key>
			<string>Parse Objects</string>
			<key>sourceTree</key>
			<string>&lt;group&gt;</string>
		</dict>
		<key>F476F0E919B8D8EA00185544</key>
		<dict>
			<key>fileEncoding</key>
			<string>4</string>
			<key>isa</key>
			<string>PBXFileReference</string>
			<key>lastKnownFileType</key>
			<string>sourcecode.c.h</string>
			<key>path</key>
			<string>PASArtist.h</string>
			<key>sourceTree</key>
			<string>&lt;group&gt;</string>
		</dict>
		<key>F476F0EA19B8D8EA00185544</key>
		<dict>
			<key>fileEncoding</key>
			<string>4</string>
			<key>isa</key>
			<string>PBXFileReference</string>
			<key>lastKnownFileType</key>
			<string>sourcecode.c.objc</string>
			<key>path</key>
			<string>PASArtist.m</string>
			<key>sourceTree</key>
			<string>&lt;group&gt;</string>
		</dict>
		<key>F476F0EB19B8D8EA00185544</key>
		<dict>
			<key>fileRef</key>
			<string>F476F0EA19B8D8EA00185544</string>
			<key>isa</key>
			<string>PBXBuildFile</string>
		</dict>
		<key>F476F0EC19B8D9A100185544</key>
		<dict>
			<key>fileEncoding</key>
			<string>4</string>
			<key>isa</key>
			<string>PBXFileReference</string>
			<key>lastKnownFileType</key>
			<string>sourcecode.c.h</string>
			<key>path</key>
			<string>PASResources.h</string>
			<key>sourceTree</key>
			<string>&lt;group&gt;</string>
		</dict>
		<key>F476F0ED19B8D9A100185544</key>
		<dict>
			<key>fileEncoding</key>
			<string>4</string>
			<key>isa</key>
			<string>PBXFileReference</string>
			<key>lastKnownFileType</key>
			<string>sourcecode.c.objc</string>
			<key>path</key>
			<string>PASResources.m</string>
			<key>sourceTree</key>
			<string>&lt;group&gt;</string>
		</dict>
		<key>F476F0EE19B8D9A100185544</key>
		<dict>
			<key>fileRef</key>
			<string>F476F0ED19B8D9A100185544</string>
			<key>isa</key>
			<string>PBXBuildFile</string>
		</dict>
		<key>F476F0EF19B8FFA700185544</key>
		<dict>
			<key>fileEncoding</key>
			<string>4</string>
			<key>isa</key>
			<string>PBXFileReference</string>
			<key>lastKnownFileType</key>
			<string>sourcecode.c.h</string>
			<key>path</key>
			<string>PASAddFromSamplesTVC.h</string>
			<key>sourceTree</key>
			<string>&lt;group&gt;</string>
		</dict>
		<key>F476F0F019B8FFA700185544</key>
		<dict>
			<key>fileEncoding</key>
			<string>4</string>
			<key>isa</key>
			<string>PBXFileReference</string>
			<key>lastKnownFileType</key>
			<string>sourcecode.c.objc</string>
			<key>path</key>
			<string>PASAddFromSamplesTVC.m</string>
			<key>sourceTree</key>
			<string>&lt;group&gt;</string>
		</dict>
		<key>F476F0F119B8FFA700185544</key>
		<dict>
			<key>fileRef</key>
			<string>F476F0F019B8FFA700185544</string>
			<key>isa</key>
			<string>PBXBuildFile</string>
		</dict>
		<key>F48FD13D19F28F6700F072A0</key>
		<dict>
			<key>fileEncoding</key>
			<string>4</string>
			<key>isa</key>
			<string>PBXFileReference</string>
			<key>lastKnownFileType</key>
			<string>sourcecode.c.h</string>
			<key>path</key>
			<string>PASArtistInfo.h</string>
			<key>sourceTree</key>
			<string>&lt;group&gt;</string>
		</dict>
		<key>F48FD13E19F28F6700F072A0</key>
		<dict>
			<key>fileEncoding</key>
			<string>4</string>
			<key>isa</key>
			<string>PBXFileReference</string>
			<key>lastKnownFileType</key>
			<string>sourcecode.c.objc</string>
			<key>path</key>
			<string>PASArtistInfo.m</string>
			<key>sourceTree</key>
			<string>&lt;group&gt;</string>
		</dict>
		<key>F48FD13F19F28F6700F072A0</key>
		<dict>
			<key>fileRef</key>
			<string>F48FD13E19F28F6700F072A0</string>
			<key>isa</key>
			<string>PBXBuildFile</string>
		</dict>
		<key>F49137F019B7137900E4FC0D</key>
		<dict>
			<key>isa</key>
			<string>PBXFileReference</string>
			<key>lastKnownFileType</key>
			<string>wrapper.framework</string>
			<key>name</key>
			<string>Accounts.framework</string>
			<key>path</key>
			<string>System/Library/Frameworks/Accounts.framework</string>
			<key>sourceTree</key>
			<string>SDKROOT</string>
		</dict>
		<key>F49137F119B7137900E4FC0D</key>
		<dict>
			<key>fileRef</key>
			<string>F49137F019B7137900E4FC0D</string>
			<key>isa</key>
			<string>PBXBuildFile</string>
		</dict>
		<key>F49137F219B7142300E4FC0D</key>
		<dict>
			<key>isa</key>
			<string>PBXFileReference</string>
			<key>lastKnownFileType</key>
			<string>wrapper.framework</string>
			<key>name</key>
			<string>Social.framework</string>
			<key>path</key>
			<string>System/Library/Frameworks/Social.framework</string>
			<key>sourceTree</key>
			<string>SDKROOT</string>
		</dict>
		<key>F49137F319B7142300E4FC0D</key>
		<dict>
			<key>fileRef</key>
			<string>F49137F219B7142300E4FC0D</string>
			<key>isa</key>
			<string>PBXBuildFile</string>
		</dict>
		<key>F49137F419B714A200E4FC0D</key>
		<dict>
			<key>isa</key>
			<string>PBXFileReference</string>
			<key>lastKnownFileType</key>
			<string>wrapper.framework</string>
			<key>name</key>
			<string>QuartzCore.framework</string>
			<key>path</key>
			<string>System/Library/Frameworks/QuartzCore.framework</string>
			<key>sourceTree</key>
			<string>SDKROOT</string>
		</dict>
		<key>F49137F519B714A200E4FC0D</key>
		<dict>
			<key>fileRef</key>
			<string>F49137F419B714A200E4FC0D</string>
			<key>isa</key>
			<string>PBXBuildFile</string>
		</dict>
		<key>F49137F619B716A500E4FC0D</key>
		<dict>
			<key>isa</key>
			<string>PBXFileReference</string>
			<key>lastKnownFileType</key>
			<string>wrapper.framework</string>
			<key>name</key>
			<string>Bolts.framework</string>
			<key>path</key>
			<string>Passions/Bolts.framework</string>
			<key>sourceTree</key>
			<string>&lt;group&gt;</string>
		</dict>
		<key>F49137F719B716A500E4FC0D</key>
		<dict>
			<key>isa</key>
			<string>PBXFileReference</string>
			<key>lastKnownFileType</key>
			<string>wrapper.framework</string>
			<key>name</key>
			<string>Parse.framework</string>
			<key>path</key>
			<string>Passions/Parse.framework</string>
			<key>sourceTree</key>
			<string>&lt;group&gt;</string>
		</dict>
		<key>F49137F819B716A500E4FC0D</key>
		<dict>
			<key>fileRef</key>
			<string>F49137F619B716A500E4FC0D</string>
			<key>isa</key>
			<string>PBXBuildFile</string>
		</dict>
		<key>F49137F919B716A500E4FC0D</key>
		<dict>
			<key>fileRef</key>
			<string>F49137F719B716A500E4FC0D</string>
			<key>isa</key>
			<string>PBXBuildFile</string>
		</dict>
		<key>F49618B119BC4CAC00B4F3FE</key>
		<dict>
			<key>fileEncoding</key>
			<string>4</string>
			<key>isa</key>
			<string>PBXFileReference</string>
			<key>lastKnownFileType</key>
			<string>sourcecode.c.h</string>
			<key>path</key>
			<string>PASTimelineCVC.h</string>
			<key>sourceTree</key>
			<string>&lt;group&gt;</string>
		</dict>
		<key>F49618B219BC4CAC00B4F3FE</key>
		<dict>
			<key>fileEncoding</key>
			<string>4</string>
			<key>isa</key>
			<string>PBXFileReference</string>
			<key>lastKnownFileType</key>
			<string>sourcecode.c.objc</string>
			<key>path</key>
			<string>PASTimelineCVC.m</string>
			<key>sourceTree</key>
			<string>&lt;group&gt;</string>
		</dict>
		<key>F49618B319BC4CAC00B4F3FE</key>
		<dict>
			<key>fileRef</key>
			<string>F49618B219BC4CAC00B4F3FE</string>
			<key>isa</key>
			<string>PBXBuildFile</string>
		</dict>
		<key>F49618B419BC4CC000B4F3FE</key>
		<dict>
			<key>children</key>
			<array>
				<string>F4694D6219B74ABB00D12576</string>
				<string>F4694D6319B74ABB00D12576</string>
				<string>F4D6C4B019BFAB8800465781</string>
				<string>F4D6C4B119BFAB8800465781</string>
				<string>F4D6C4B219BFAB8800465781</string>
				<string>F48FD13D19F28F6700F072A0</string>
				<string>F48FD13E19F28F6700F072A0</string>
			</array>
			<key>isa</key>
			<string>PBXGroup</string>
			<key>name</key>
			<string>Favorite Artists</string>
			<key>sourceTree</key>
			<string>&lt;group&gt;</string>
		</dict>
		<key>F49618B519BC4CCB00B4F3FE</key>
		<dict>
			<key>children</key>
			<array>
				<string>F4BB585C19E9F23600221912</string>
				<string>F4BB585D19E9F23600221912</string>
				<string>F461C8DE19EB006C0081B445</string>
				<string>F461C8DF19EB006C0081B445</string>
				<string>F4256EC319EB1AAB00B9D95B</string>
				<string>F476F0EF19B8FFA700185544</string>
				<string>F476F0F019B8FFA700185544</string>
				<string>F40BBA6918538DAD00877D60</string>
				<string>F40BBA6A18538DAD00877D60</string>
			</array>
			<key>isa</key>
			<string>PBXGroup</string>
			<key>name</key>
			<string>Add Artists</string>
			<key>sourceTree</key>
			<string>&lt;group&gt;</string>
		</dict>
		<key>F4A60FD717A05EBC008D8F6C</key>
		<dict>
			<key>isa</key>
			<string>PBXFileReference</string>
			<key>lastKnownFileType</key>
			<string>wrapper.framework</string>
			<key>name</key>
			<string>MobileCoreServices.framework</string>
			<key>path</key>
			<string>System/Library/Frameworks/MobileCoreServices.framework</string>
			<key>sourceTree</key>
			<string>SDKROOT</string>
		</dict>
		<key>F4A60FD917A05EC8008D8F6C</key>
		<dict>
			<key>isa</key>
			<string>PBXFileReference</string>
			<key>lastKnownFileType</key>
			<string>wrapper.framework</string>
			<key>name</key>
			<string>SystemConfiguration.framework</string>
			<key>path</key>
			<string>System/Library/Frameworks/SystemConfiguration.framework</string>
			<key>sourceTree</key>
			<string>SDKROOT</string>
		</dict>
		<key>F4A7796B1793113E00C770B9</key>
		<dict>
			<key>children</key>
			<array>
				<string>F4A7797D1793113E00C770B9</string>
				<string>F4A779761793113E00C770B9</string>
				<string>F4A779751793113E00C770B9</string>
				<string>B6B68DC41B208B13CBB51854</string>
			</array>
			<key>isa</key>
			<string>PBXGroup</string>
			<key>sourceTree</key>
			<string>&lt;group&gt;</string>
		</dict>
		<key>F4A7796C1793113E00C770B9</key>
		<dict>
			<key>attributes</key>
			<dict>
				<key>CLASSPREFIX</key>
				<string>PAS</string>
				<key>LastUpgradeCheck</key>
				<string>0510</string>
				<key>ORGANIZATIONNAME</key>
				<string>edgeguard</string>
				<key>TargetAttributes</key>
				<dict>
					<key>F4A779731793113E00C770B9</key>
					<dict>
						<key>DevelopmentTeam</key>
						<string>KZ2BJ5Q7N6</string>
						<key>SystemCapabilities</key>
						<dict>
							<key>com.apple.BackgroundModes</key>
							<dict>
								<key>enabled</key>
								<string>1</string>
							</dict>
						</dict>
					</dict>
				</dict>
			</dict>
			<key>buildConfigurationList</key>
			<string>F4A7796F1793113E00C770B9</string>
			<key>compatibilityVersion</key>
			<string>Xcode 3.2</string>
			<key>developmentRegion</key>
			<string>English</string>
			<key>hasScannedForEncodings</key>
			<string>0</string>
			<key>isa</key>
			<string>PBXProject</string>
			<key>knownRegions</key>
			<array>
				<string>en</string>
			</array>
			<key>mainGroup</key>
			<string>F4A7796B1793113E00C770B9</string>
			<key>productRefGroup</key>
			<string>F4A779751793113E00C770B9</string>
			<key>projectDirPath</key>
			<string></string>
			<key>projectReferences</key>
			<array/>
			<key>projectRoot</key>
			<string></string>
			<key>targets</key>
			<array>
				<string>F4A779731793113E00C770B9</string>
			</array>
		</dict>
		<key>F4A7796F1793113E00C770B9</key>
		<dict>
			<key>buildConfigurations</key>
			<array>
				<string>F4A779951793113E00C770B9</string>
				<string>F4A779961793113E00C770B9</string>
			</array>
			<key>defaultConfigurationIsVisible</key>
			<string>0</string>
			<key>defaultConfigurationName</key>
			<string>Release</string>
			<key>isa</key>
			<string>XCConfigurationList</string>
		</dict>
		<key>F4A779701793113E00C770B9</key>
		<dict>
			<key>buildActionMask</key>
			<string>2147483647</string>
			<key>files</key>
			<array>
				<string>F42422A519CD8FCA0097C0F1</string>
				<string>F4589D3D19C240D500E17D49</string>
				<string>F4BB585E19E9F23600221912</string>
				<string>F4D6C4B319BFAB8800465781</string>
				<string>F4B8B0B919E060AD00E1064D</string>
				<string>F476F0EB19B8D8EA00185544</string>
				<string>F4A779841793113E00C770B9</string>
				<string>F49618B319BC4CAC00B4F3FE</string>
				<string>F4FA316819B8B867000337A0</string>
				<string>F4B8B0B619E039EE00E1064D</string>
				<string>F4D9E94F19C39D6200B762A7</string>
				<string>F4FEC99A19E3072100935B1E</string>
				<string>F4D284D019E0AE26008A3913</string>
				<string>F4A779881793113E00C770B9</string>
				<string>F4D284CD19E087D0008A3913</string>
				<string>F48FD13F19F28F6700F072A0</string>
				<string>F461C8E119EB006C0081B445</string>
				<string>F476F0F119B8FFA700185544</string>
				<string>F476F0EE19B8D9A100185544</string>
				<string>F40BBA6B18538DAD00877D60</string>
				<string>F4A814B919E20CBD003879B0</string>
				<string>F4694D6419B74ABB00D12576</string>
			</array>
			<key>isa</key>
			<string>PBXSourcesBuildPhase</string>
			<key>runOnlyForDeploymentPostprocessing</key>
			<string>0</string>
		</dict>
		<key>F4A779711793113E00C770B9</key>
		<dict>
			<key>buildActionMask</key>
			<string>2147483647</string>
			<key>files</key>
			<array>
				<string>F49137F519B714A200E4FC0D</string>
				<string>F49137F319B7142300E4FC0D</string>
				<string>F49137F119B7137900E4FC0D</string>
				<string>F438692A17A55CE6000B7817</string>
				<string>F424EE3819B657120010B3E1</string>
				<string>F438692B17A55CEF000B7817</string>
				<string>F49137F919B716A500E4FC0D</string>
				<string>F424EE3419B656FA0010B3E1</string>
				<string>F4A7797C1793113E00C770B9</string>
				<string>F424EE3019B656DD0010B3E1</string>
				<string>F424EE2E19B656D40010B3E1</string>
				<string>F40BBA6E1853908700877D60</string>
				<string>F4A779781793113E00C770B9</string>
				<string>F4A7797A1793113E00C770B9</string>
				<string>65F86A33B682476FBAAC9AE6</string>
				<string>F49137F819B716A500E4FC0D</string>
			</array>
			<key>isa</key>
			<string>PBXFrameworksBuildPhase</string>
			<key>runOnlyForDeploymentPostprocessing</key>
			<string>0</string>
		</dict>
		<key>F4A779721793113E00C770B9</key>
		<dict>
			<key>buildActionMask</key>
			<string>2147483647</string>
			<key>files</key>
			<array>
				<string>F4A779821793113E00C770B9</string>
				<string>F4256EC419EB1AAB00B9D95B</string>
				<string>F4EC62C019E66ADF009C5EF5</string>
				<string>F4D6C4B419BFAB8800465781</string>
				<string>F4D9E94C19C39AB100B762A7</string>
				<string>F4A779911793113E00C770B9</string>
			</array>
			<key>isa</key>
			<string>PBXResourcesBuildPhase</string>
			<key>runOnlyForDeploymentPostprocessing</key>
			<string>0</string>
		</dict>
		<key>F4A779731793113E00C770B9</key>
		<dict>
			<key>buildConfigurationList</key>
			<string>F4A779971793113E00C770B9</string>
			<key>buildPhases</key>
			<array>
				<string>285BA2999A0D43AD9BA46C13</string>
				<string>F4A779701793113E00C770B9</string>
				<string>F4D01C7B19E7DA20006C8BFD</string>
				<string>F4D01C7E19E7DABE006C8BFD</string>
				<string>F4A779711793113E00C770B9</string>
				<string>F4A779721793113E00C770B9</string>
				<string>69808365EA0D490B9CC26CB3</string>
			</array>
			<key>buildRules</key>
			<array/>
			<key>dependencies</key>
			<array/>
			<key>isa</key>
			<string>PBXNativeTarget</string>
			<key>name</key>
			<string>Passions</string>
			<key>productName</key>
			<string>Passions</string>
			<key>productReference</key>
			<string>F4A779741793113E00C770B9</string>
			<key>productType</key>
			<string>com.apple.product-type.application</string>
		</dict>
		<key>F4A779741793113E00C770B9</key>
		<dict>
			<key>explicitFileType</key>
			<string>wrapper.application</string>
			<key>includeInIndex</key>
			<string>0</string>
			<key>isa</key>
			<string>PBXFileReference</string>
			<key>path</key>
			<string>Passions.app</string>
			<key>sourceTree</key>
			<string>BUILT_PRODUCTS_DIR</string>
		</dict>
		<key>F4A779751793113E00C770B9</key>
		<dict>
			<key>children</key>
			<array>
				<string>F4A779741793113E00C770B9</string>
			</array>
			<key>isa</key>
			<string>PBXGroup</string>
			<key>name</key>
			<string>Products</string>
			<key>sourceTree</key>
			<string>&lt;group&gt;</string>
		</dict>
		<key>F4A779761793113E00C770B9</key>
		<dict>
			<key>children</key>
			<array>
				<string>F49137F019B7137900E4FC0D</string>
				<string>F424EE2D19B656D40010B3E1</string>
				<string>F49137F619B716A500E4FC0D</string>
				<string>F424EE2F19B656DD0010B3E1</string>
				<string>F4A7797B1793113E00C770B9</string>
				<string>F4A779791793113E00C770B9</string>
				<string>CF473646EE4645ECB8A1B050</string>
				<string>F424EE3319B656FA0010B3E1</string>
				<string>F40BBA6D1853908700877D60</string>
				<string>F4A60FD717A05EBC008D8F6C</string>
				<string>F49137F719B716A500E4FC0D</string>
				<string>F49137F419B714A200E4FC0D</string>
				<string>F424EE3719B657120010B3E1</string>
				<string>F49137F219B7142300E4FC0D</string>
				<string>F4A60FD917A05EC8008D8F6C</string>
				<string>F4A779771793113E00C770B9</string>
			</array>
			<key>isa</key>
			<string>PBXGroup</string>
			<key>name</key>
			<string>Frameworks</string>
			<key>sourceTree</key>
			<string>&lt;group&gt;</string>
		</dict>
		<key>F4A779771793113E00C770B9</key>
		<dict>
			<key>isa</key>
			<string>PBXFileReference</string>
			<key>lastKnownFileType</key>
			<string>wrapper.framework</string>
			<key>name</key>
			<string>UIKit.framework</string>
			<key>path</key>
			<string>System/Library/Frameworks/UIKit.framework</string>
			<key>sourceTree</key>
			<string>SDKROOT</string>
		</dict>
		<key>F4A779781793113E00C770B9</key>
		<dict>
			<key>fileRef</key>
			<string>F4A779771793113E00C770B9</string>
			<key>isa</key>
			<string>PBXBuildFile</string>
		</dict>
		<key>F4A779791793113E00C770B9</key>
		<dict>
			<key>isa</key>
			<string>PBXFileReference</string>
			<key>lastKnownFileType</key>
			<string>wrapper.framework</string>
			<key>name</key>
			<string>Foundation.framework</string>
			<key>path</key>
			<string>System/Library/Frameworks/Foundation.framework</string>
			<key>sourceTree</key>
			<string>SDKROOT</string>
		</dict>
		<key>F4A7797A1793113E00C770B9</key>
		<dict>
			<key>fileRef</key>
			<string>F4A779791793113E00C770B9</string>
			<key>isa</key>
			<string>PBXBuildFile</string>
		</dict>
		<key>F4A7797B1793113E00C770B9</key>
		<dict>
			<key>isa</key>
			<string>PBXFileReference</string>
			<key>lastKnownFileType</key>
			<string>wrapper.framework</string>
			<key>name</key>
			<string>CoreGraphics.framework</string>
			<key>path</key>
			<string>System/Library/Frameworks/CoreGraphics.framework</string>
			<key>sourceTree</key>
			<string>SDKROOT</string>
		</dict>
		<key>F4A7797C1793113E00C770B9</key>
		<dict>
			<key>fileRef</key>
			<string>F4A7797B1793113E00C770B9</string>
			<key>isa</key>
			<string>PBXBuildFile</string>
		</dict>
		<key>F4A7797D1793113E00C770B9</key>
		<dict>
			<key>children</key>
			<array>
				<string>F4A7798F1793113E00C770B9</string>
				<string>F4FEC99619E3032C00935B1E</string>
				<string>F4A814B219E1D3E5003879B0</string>
				<string>F49618B419BC4CC000B4F3FE</string>
				<string>F49618B519BC4CCB00B4F3FE</string>
				<string>F4D9E94619C3612800B762A7</string>
				<string>F4FEC99719E3038000935B1E</string>
				<string>F476F0E819B8D8C500185544</string>
				<string>F4FA316519B8B7F2000337A0</string>
				<string>F4A7797E1793113E00C770B9</string>
			</array>
			<key>isa</key>
			<string>PBXGroup</string>
			<key>path</key>
			<string>Passions</string>
			<key>sourceTree</key>
			<string>&lt;group&gt;</string>
		</dict>
		<key>F4A7797E1793113E00C770B9</key>
		<dict>
			<key>children</key>
			<array>
				<string>F4EC62BF19E66ADF009C5EF5</string>
				<string>F4A7797F1793113E00C770B9</string>
				<string>F4A779801793113E00C770B9</string>
				<string>F4A779831793113E00C770B9</string>
				<string>F4A779851793113E00C770B9</string>
			</array>
			<key>isa</key>
			<string>PBXGroup</string>
			<key>name</key>
			<string>Supporting Files</string>
			<key>sourceTree</key>
			<string>&lt;group&gt;</string>
		</dict>
		<key>F4A7797F1793113E00C770B9</key>
		<dict>
			<key>isa</key>
			<string>PBXFileReference</string>
			<key>lastKnownFileType</key>
			<string>text.plist.xml</string>
			<key>path</key>
			<string>Passions-Info.plist</string>
			<key>sourceTree</key>
			<string>&lt;group&gt;</string>
		</dict>
		<key>F4A779801793113E00C770B9</key>
		<dict>
			<key>children</key>
			<array>
				<string>F4A779811793113E00C770B9</string>
			</array>
			<key>isa</key>
			<string>PBXVariantGroup</string>
			<key>name</key>
			<string>InfoPlist.strings</string>
			<key>sourceTree</key>
			<string>&lt;group&gt;</string>
		</dict>
		<key>F4A779811793113E00C770B9</key>
		<dict>
			<key>isa</key>
			<string>PBXFileReference</string>
			<key>lastKnownFileType</key>
			<string>text.plist.strings</string>
			<key>name</key>
			<string>en</string>
			<key>path</key>
			<string>en.lproj/InfoPlist.strings</string>
			<key>sourceTree</key>
			<string>&lt;group&gt;</string>
		</dict>
		<key>F4A779821793113E00C770B9</key>
		<dict>
			<key>fileRef</key>
			<string>F4A779801793113E00C770B9</string>
			<key>isa</key>
			<string>PBXBuildFile</string>
		</dict>
		<key>F4A779831793113E00C770B9</key>
		<dict>
			<key>isa</key>
			<string>PBXFileReference</string>
			<key>lastKnownFileType</key>
			<string>sourcecode.c.objc</string>
			<key>path</key>
			<string>main.m</string>
			<key>sourceTree</key>
			<string>&lt;group&gt;</string>
		</dict>
		<key>F4A779841793113E00C770B9</key>
		<dict>
			<key>fileRef</key>
			<string>F4A779831793113E00C770B9</string>
			<key>isa</key>
			<string>PBXBuildFile</string>
		</dict>
		<key>F4A779851793113E00C770B9</key>
		<dict>
			<key>isa</key>
			<string>PBXFileReference</string>
			<key>lastKnownFileType</key>
			<string>sourcecode.c.h</string>
			<key>path</key>
			<string>Passions-Prefix.pch</string>
			<key>sourceTree</key>
			<string>&lt;group&gt;</string>
		</dict>
		<key>F4A779861793113E00C770B9</key>
		<dict>
			<key>isa</key>
			<string>PBXFileReference</string>
			<key>lastKnownFileType</key>
			<string>sourcecode.c.h</string>
			<key>path</key>
			<string>PASAppDelegate.h</string>
			<key>sourceTree</key>
			<string>&lt;group&gt;</string>
		</dict>
		<key>F4A779871793113E00C770B9</key>
		<dict>
			<key>isa</key>
			<string>PBXFileReference</string>
			<key>lastKnownFileType</key>
			<string>sourcecode.c.objc</string>
			<key>path</key>
			<string>PASAppDelegate.m</string>
			<key>sourceTree</key>
			<string>&lt;group&gt;</string>
		</dict>
		<key>F4A779881793113E00C770B9</key>
		<dict>
			<key>fileRef</key>
			<string>F4A779871793113E00C770B9</string>
			<key>isa</key>
			<string>PBXBuildFile</string>
		</dict>
		<key>F4A7798F1793113E00C770B9</key>
		<dict>
			<key>children</key>
			<array>
				<string>F4A779901793113E00C770B9</string>
			</array>
			<key>isa</key>
			<string>PBXVariantGroup</string>
			<key>name</key>
			<string>iPhone.storyboard</string>
			<key>sourceTree</key>
			<string>&lt;group&gt;</string>
		</dict>
		<key>F4A779901793113E00C770B9</key>
		<dict>
			<key>isa</key>
			<string>PBXFileReference</string>
			<key>lastKnownFileType</key>
			<string>file.storyboard</string>
			<key>name</key>
			<string>en</string>
			<key>path</key>
			<string>en.lproj/iPhone.storyboard</string>
			<key>sourceTree</key>
			<string>&lt;group&gt;</string>
		</dict>
		<key>F4A779911793113E00C770B9</key>
		<dict>
			<key>fileRef</key>
			<string>F4A7798F1793113E00C770B9</string>
			<key>isa</key>
			<string>PBXBuildFile</string>
		</dict>
		<key>F4A779951793113E00C770B9</key>
		<dict>
			<key>buildSettings</key>
			<dict>
				<key>ALWAYS_SEARCH_USER_PATHS</key>
				<string>NO</string>
				<key>CLANG_CXX_LANGUAGE_STANDARD</key>
				<string>gnu++0x</string>
				<key>CLANG_CXX_LIBRARY</key>
				<string>libc++</string>
				<key>CLANG_ENABLE_MODULES</key>
				<string>YES</string>
				<key>CLANG_ENABLE_OBJC_ARC</key>
				<string>YES</string>
				<key>CLANG_WARN_CONSTANT_CONVERSION</key>
				<string>YES</string>
				<key>CLANG_WARN_EMPTY_BODY</key>
				<string>YES</string>
				<key>CLANG_WARN_ENUM_CONVERSION</key>
				<string>YES</string>
				<key>CLANG_WARN_INT_CONVERSION</key>
				<string>YES</string>
				<key>CLANG_WARN__DUPLICATE_METHOD_MATCH</key>
				<string>YES</string>
				<key>CODE_SIGN_IDENTITY</key>
				<string>iPhone Developer: Simon Taennler (ZNG9G9Z8CK)</string>
				<key>COPY_PHASE_STRIP</key>
				<string>NO</string>
				<key>GCC_C_LANGUAGE_STANDARD</key>
				<string>gnu99</string>
				<key>GCC_DYNAMIC_NO_PIC</key>
				<string>NO</string>
				<key>GCC_OPTIMIZATION_LEVEL</key>
				<string>0</string>
				<key>GCC_PREPROCESSOR_DEFINITIONS</key>
				<array>
					<string>DEBUG=1</string>
					<string>$(inherited)</string>
				</array>
				<key>GCC_SYMBOLS_PRIVATE_EXTERN</key>
				<string>NO</string>
				<key>GCC_WARN_ABOUT_RETURN_TYPE</key>
				<string>YES</string>
				<key>GCC_WARN_UNINITIALIZED_AUTOS</key>
				<string>YES</string>
				<key>GCC_WARN_UNUSED_VARIABLE</key>
				<string>YES</string>
				<key>IPHONEOS_DEPLOYMENT_TARGET</key>
				<string>8.0</string>
				<key>ONLY_ACTIVE_ARCH</key>
				<string>YES</string>
				<key>PROVISIONING_PROFILE</key>
				<string>4173fafb-09f2-4c43-9796-3bb529c13692</string>
				<key>SDKROOT</key>
				<string>iphoneos</string>
			</dict>
			<key>isa</key>
			<string>XCBuildConfiguration</string>
			<key>name</key>
			<string>Debug</string>
		</dict>
		<key>F4A779961793113E00C770B9</key>
		<dict>
			<key>buildSettings</key>
			<dict>
				<key>ALWAYS_SEARCH_USER_PATHS</key>
				<string>NO</string>
				<key>CLANG_CXX_LANGUAGE_STANDARD</key>
				<string>gnu++0x</string>
				<key>CLANG_CXX_LIBRARY</key>
				<string>libc++</string>
				<key>CLANG_ENABLE_MODULES</key>
				<string>YES</string>
				<key>CLANG_ENABLE_OBJC_ARC</key>
				<string>YES</string>
				<key>CLANG_WARN_CONSTANT_CONVERSION</key>
				<string>YES</string>
				<key>CLANG_WARN_EMPTY_BODY</key>
				<string>YES</string>
				<key>CLANG_WARN_ENUM_CONVERSION</key>
				<string>YES</string>
				<key>CLANG_WARN_INT_CONVERSION</key>
				<string>YES</string>
				<key>CLANG_WARN__DUPLICATE_METHOD_MATCH</key>
				<string>YES</string>
				<key>CODE_SIGN_IDENTITY</key>
				<string>iPhone Distribution: Simon Taennler (KZ2BJ5Q7N6)</string>
				<key>COPY_PHASE_STRIP</key>
				<string>YES</string>
				<key>GCC_C_LANGUAGE_STANDARD</key>
				<string>gnu99</string>
				<key>GCC_WARN_ABOUT_RETURN_TYPE</key>
				<string>YES</string>
				<key>GCC_WARN_UNINITIALIZED_AUTOS</key>
				<string>YES</string>
				<key>GCC_WARN_UNUSED_VARIABLE</key>
				<string>YES</string>
				<key>IPHONEOS_DEPLOYMENT_TARGET</key>
				<string>8.0</string>
				<key>OTHER_CFLAGS</key>
				<string>-DNS_BLOCK_ASSERTIONS=1</string>
				<key>PROVISIONING_PROFILE</key>
				<string>9825aa95-1680-4b45-a981-3c3525689750</string>
				<key>SDKROOT</key>
				<string>iphoneos</string>
				<key>VALIDATE_PRODUCT</key>
				<string>YES</string>
			</dict>
			<key>isa</key>
			<string>XCBuildConfiguration</string>
			<key>name</key>
			<string>Release</string>
		</dict>
		<key>F4A779971793113E00C770B9</key>
		<dict>
			<key>buildConfigurations</key>
			<array>
				<string>F4A779981793113E00C770B9</string>
				<string>F4A779991793113E00C770B9</string>
			</array>
			<key>defaultConfigurationIsVisible</key>
			<string>0</string>
			<key>defaultConfigurationName</key>
			<string>Release</string>
			<key>isa</key>
			<string>XCConfigurationList</string>
		</dict>
		<key>F4A779981793113E00C770B9</key>
		<dict>
			<key>baseConfigurationReference</key>
			<string>8074225D79F3AFFFEE8E01D6</string>
			<key>buildSettings</key>
			<dict>
				<key>ASSETCATALOG_COMPILER_APPICON_NAME</key>
				<string>AppIcon</string>
				<key>ASSETCATALOG_COMPILER_LAUNCHIMAGE_NAME</key>
				<string>LaunchImage</string>
				<key>CODE_SIGN_IDENTITY</key>
				<string>iPhone Developer</string>
				<key>CODE_SIGN_IDENTITY[sdk=iphoneos*]</key>
				<string>iPhone Developer</string>
				<key>FRAMEWORK_SEARCH_PATHS</key>
				<array>
					<string>$(inherited)</string>
					<string>$(PROJECT_DIR)</string>
					<string>$(PROJECT_DIR)/Passions</string>
				</array>
				<key>GCC_PRECOMPILE_PREFIX_HEADER</key>
				<string>YES</string>
				<key>GCC_PREFIX_HEADER</key>
				<string>Passions/Passions-Prefix.pch</string>
				<key>INFOPLIST_FILE</key>
				<string>Passions/Passions-Info.plist</string>
				<key>IPHONEOS_DEPLOYMENT_TARGET</key>
				<string>8.0</string>
				<key>PRODUCT_NAME</key>
				<string>$(TARGET_NAME)</string>
				<key>PROVISIONING_PROFILE</key>
				<string></string>
				<key>WRAPPER_EXTENSION</key>
				<string>app</string>
			</dict>
			<key>isa</key>
			<string>XCBuildConfiguration</string>
			<key>name</key>
			<string>Debug</string>
		</dict>
		<key>F4A779991793113E00C770B9</key>
		<dict>
			<key>baseConfigurationReference</key>
			<string>32629A8CC07EC786B4B6BF2B</string>
			<key>buildSettings</key>
			<dict>
				<key>ASSETCATALOG_COMPILER_APPICON_NAME</key>
				<string>AppIcon</string>
				<key>ASSETCATALOG_COMPILER_LAUNCHIMAGE_NAME</key>
				<string>LaunchImage</string>
				<key>CODE_SIGN_IDENTITY</key>
				<string>iPhone Developer</string>
				<key>CODE_SIGN_IDENTITY[sdk=iphoneos*]</key>
				<string>iPhone Developer</string>
				<key>FRAMEWORK_SEARCH_PATHS</key>
				<array>
					<string>$(inherited)</string>
					<string>$(PROJECT_DIR)</string>
					<string>$(PROJECT_DIR)/Passions</string>
				</array>
				<key>GCC_PRECOMPILE_PREFIX_HEADER</key>
				<string>YES</string>
				<key>GCC_PREFIX_HEADER</key>
				<string>Passions/Passions-Prefix.pch</string>
				<key>INFOPLIST_FILE</key>
				<string>Passions/Passions-Info.plist</string>
				<key>IPHONEOS_DEPLOYMENT_TARGET</key>
				<string>8.0</string>
				<key>ONLY_ACTIVE_ARCH</key>
				<string>NO</string>
				<key>PRODUCT_NAME</key>
				<string>$(TARGET_NAME)</string>
				<key>PROVISIONING_PROFILE</key>
				<string></string>
				<key>WRAPPER_EXTENSION</key>
				<string>app</string>
			</dict>
			<key>isa</key>
			<string>XCBuildConfiguration</string>
			<key>name</key>
			<string>Release</string>
		</dict>
		<key>F4A814B219E1D3E5003879B0</key>
		<dict>
			<key>children</key>
			<array>
				<string>F49618B119BC4CAC00B4F3FE</string>
				<string>F49618B219BC4CAC00B4F3FE</string>
				<string>F4B8B0B419E039EE00E1064D</string>
				<string>F4B8B0B519E039EE00E1064D</string>
			</array>
			<key>isa</key>
			<string>PBXGroup</string>
			<key>name</key>
			<string>Album Timeline</string>
			<key>sourceTree</key>
			<string>&lt;group&gt;</string>
		</dict>
		<key>F4A814B619E2056B003879B0</key>
		<dict>
			<key>fileEncoding</key>
			<string>4</string>
			<key>isa</key>
			<string>PBXFileReference</string>
			<key>lastKnownFileType</key>
			<string>sourcecode.c.h</string>
			<key>path</key>
			<string>PASSourceImage.h</string>
			<key>sourceTree</key>
			<string>&lt;group&gt;</string>
		</dict>
		<key>F4A814B719E20CBD003879B0</key>
		<dict>
			<key>fileEncoding</key>
			<string>4</string>
			<key>isa</key>
			<string>PBXFileReference</string>
			<key>lastKnownFileType</key>
			<string>sourcecode.c.h</string>
			<key>path</key>
			<string>NSString+SourceImage.h</string>
			<key>sourceTree</key>
			<string>&lt;group&gt;</string>
		</dict>
		<key>F4A814B819E20CBD003879B0</key>
		<dict>
			<key>fileEncoding</key>
			<string>4</string>
			<key>isa</key>
			<string>PBXFileReference</string>
			<key>lastKnownFileType</key>
			<string>sourcecode.c.objc</string>
			<key>path</key>
			<string>NSString+SourceImage.m</string>
			<key>sourceTree</key>
			<string>&lt;group&gt;</string>
		</dict>
		<key>F4A814B919E20CBD003879B0</key>
		<dict>
			<key>fileRef</key>
			<string>F4A814B819E20CBD003879B0</string>
			<key>isa</key>
			<string>PBXBuildFile</string>
		</dict>
		<key>F4B8B0B419E039EE00E1064D</key>
		<dict>
			<key>fileEncoding</key>
			<string>4</string>
			<key>isa</key>
			<string>PBXFileReference</string>
			<key>lastKnownFileType</key>
			<string>sourcecode.c.h</string>
			<key>path</key>
			<string>PASAlbumCVCell.h</string>
			<key>sourceTree</key>
			<string>&lt;group&gt;</string>
		</dict>
		<key>F4B8B0B519E039EE00E1064D</key>
		<dict>
			<key>fileEncoding</key>
			<string>4</string>
			<key>isa</key>
			<string>PBXFileReference</string>
			<key>lastKnownFileType</key>
			<string>sourcecode.c.objc</string>
			<key>path</key>
			<string>PASAlbumCVCell.m</string>
			<key>sourceTree</key>
			<string>&lt;group&gt;</string>
		</dict>
		<key>F4B8B0B619E039EE00E1064D</key>
		<dict>
			<key>fileRef</key>
			<string>F4B8B0B519E039EE00E1064D</string>
			<key>isa</key>
			<string>PBXBuildFile</string>
		</dict>
		<key>F4B8B0B719E060AD00E1064D</key>
		<dict>
			<key>fileEncoding</key>
			<string>4</string>
			<key>isa</key>
			<string>PBXFileReference</string>
			<key>lastKnownFileType</key>
			<string>sourcecode.c.h</string>
			<key>path</key>
			<string>CPFQueryCollectionViewController.h</string>
			<key>sourceTree</key>
			<string>&lt;group&gt;</string>
		</dict>
		<key>F4B8B0B819E060AD00E1064D</key>
		<dict>
			<key>fileEncoding</key>
			<string>4</string>
			<key>isa</key>
			<string>PBXFileReference</string>
			<key>lastKnownFileType</key>
			<string>sourcecode.c.objc</string>
			<key>path</key>
			<string>CPFQueryCollectionViewController.m</string>
			<key>sourceTree</key>
			<string>&lt;group&gt;</string>
		</dict>
		<key>F4B8B0B919E060AD00E1064D</key>
		<dict>
			<key>fileRef</key>
			<string>F4B8B0B819E060AD00E1064D</string>
			<key>isa</key>
			<string>PBXBuildFile</string>
		</dict>
		<key>F4BB585C19E9F23600221912</key>
		<dict>
			<key>fileEncoding</key>
			<string>4</string>
			<key>isa</key>
			<string>PBXFileReference</string>
			<key>lastKnownFileType</key>
			<string>sourcecode.c.h</string>
			<key>path</key>
			<string>PASMyPVC.h</string>
			<key>sourceTree</key>
			<string>&lt;group&gt;</string>
		</dict>
		<key>F4BB585D19E9F23600221912</key>
		<dict>
			<key>fileEncoding</key>
			<string>4</string>
			<key>isa</key>
			<string>PBXFileReference</string>
			<key>lastKnownFileType</key>
			<string>sourcecode.c.objc</string>
			<key>path</key>
			<string>PASMyPVC.m</string>
			<key>sourceTree</key>
			<string>&lt;group&gt;</string>
		</dict>
		<key>F4BB585E19E9F23600221912</key>
		<dict>
			<key>fileRef</key>
			<string>F4BB585D19E9F23600221912</string>
			<key>isa</key>
			<string>PBXBuildFile</string>
		</dict>
		<key>F4D01C7B19E7DA20006C8BFD</key>
		<dict>
			<key>buildActionMask</key>
			<string>8</string>
			<key>files</key>
			<array/>
			<key>inputPaths</key>
			<array/>
			<key>isa</key>
			<string>PBXShellScriptBuildPhase</string>
			<key>name</key>
			<string>Run Script</string>
			<key>outputPaths</key>
			<array/>
			<key>runOnlyForDeploymentPostprocessing</key>
			<string>1</string>
			<key>shellPath</key>
			<string>/bin/sh</string>
			<key>shellScript</key>
			<string># xcode-build-bump.sh
# @desc Auto-increment the build number every time the project is run.
# @usage
# 1. Select: your Target in Xcode
# 2. Select: Build Phases Tab
# 3. Select: Add Build Phase -&gt; Add Run Script
# 4. Paste code below in to new "Run Script" section
# 5. Drag the "Run Script" below "Link Binaries With Libraries"
# 6. Insure that your starting build number is set to a whole integer and not a float (e.g. 1, not 1.0)

# https://gist.github.com/sekati/3172554#file-xcode-build-bump-sh

buildNumber=$(/usr/libexec/PlistBuddy -c "Print CFBundleVersion" "${PROJECT_DIR}/${INFOPLIST_FILE}")
buildNumber=$(($buildNumber + 1))
/usr/libexec/PlistBuddy -c "Set :CFBundleVersion $buildNumber" "${PROJECT_DIR}/${INFOPLIST_FILE}"</string>
		</dict>
		<key>F4D01C7E19E7DABE006C8BFD</key>
		<dict>
			<key>buildActionMask</key>
			<string>8</string>
			<key>files</key>
			<array/>
			<key>inputPaths</key>
			<array/>
			<key>isa</key>
			<string>PBXShellScriptBuildPhase</string>
			<key>outputPaths</key>
			<array/>
			<key>runOnlyForDeploymentPostprocessing</key>
			<string>1</string>
			<key>shellPath</key>
			<string>/bin/sh</string>
			<key>shellScript</key>
			<string># xcode-version-bump.sh
# @desc Auto-increment the version number (only) when a project is archived for export.
# @usage
# 1. Select: your Target in Xcode
# 2. Select: Build Phases Tab
# 3. Select: Add Build Phase -&gt; Add Run Script
# 4. Paste code below in to new "Run Script" section
# 5. Check the checkbox "Run script only when installing"
# 6. Drag the "Run Script" below "Link Binaries With Libraries"
# 7. Insure your starting version number is in SemVer format (e.g. 1.0.0.1)

# https://gist.github.com/sekati/3172554#file-xcode-version-bump-sh

# This splits a two-decimal version string, such as "0.45.123", allowing us to increment the third position.
VERSIONNUM=$(/usr/libexec/PlistBuddy -c "Print CFBundleShortVersionString" "${PROJECT_DIR}/${INFOPLIST_FILE}")
NEWSUBVERSION=`echo $VERSIONNUM | awk -F "." '{print $3}'`
NEWSUBVERSION=$(($NEWSUBVERSION + 1))
NEWVERSIONSTRING=`echo $VERSIONNUM | awk -F "." '{print $1 "." $2 ".'$NEWSUBVERSION'" }'`
/usr/libexec/PlistBuddy -c "Set :CFBundleShortVersionString $NEWVERSIONSTRING" "${PROJECT_DIR}/${INFOPLIST_FILE}"</string>
		</dict>
		<key>F4D284CB19E087D0008A3913</key>
		<dict>
			<key>fileEncoding</key>
			<string>4</string>
			<key>isa</key>
			<string>PBXFileReference</string>
			<key>lastKnownFileType</key>
			<string>sourcecode.c.h</string>
			<key>path</key>
			<string>PASAlbum.h</string>
			<key>sourceTree</key>
			<string>&lt;group&gt;</string>
		</dict>
		<key>F4D284CC19E087D0008A3913</key>
		<dict>
			<key>fileEncoding</key>
			<string>4</string>
			<key>isa</key>
			<string>PBXFileReference</string>
			<key>lastKnownFileType</key>
			<string>sourcecode.c.objc</string>
			<key>path</key>
			<string>PASAlbum.m</string>
			<key>sourceTree</key>
			<string>&lt;group&gt;</string>
		</dict>
		<key>F4D284CD19E087D0008A3913</key>
		<dict>
			<key>fileRef</key>
			<string>F4D284CC19E087D0008A3913</string>
			<key>isa</key>
			<string>PBXBuildFile</string>
		</dict>
		<key>F4D284CE19E0AE26008A3913</key>
		<dict>
			<key>fileEncoding</key>
			<string>4</string>
			<key>isa</key>
			<string>PBXFileReference</string>
			<key>lastKnownFileType</key>
			<string>sourcecode.c.h</string>
			<key>path</key>
			<string>PASParseObjectWithImages.h</string>
			<key>sourceTree</key>
			<string>&lt;group&gt;</string>
		</dict>
		<key>F4D284CF19E0AE26008A3913</key>
		<dict>
			<key>fileEncoding</key>
			<string>4</string>
			<key>isa</key>
			<string>PBXFileReference</string>
			<key>lastKnownFileType</key>
			<string>sourcecode.c.objc</string>
			<key>path</key>
			<string>PASParseObjectWithImages.m</string>
			<key>sourceTree</key>
			<string>&lt;group&gt;</string>
		</dict>
		<key>F4D284D019E0AE26008A3913</key>
		<dict>
			<key>fileRef</key>
			<string>F4D284CF19E0AE26008A3913</string>
			<key>isa</key>
			<string>PBXBuildFile</string>
		</dict>
		<key>F4D6C4B019BFAB8800465781</key>
		<dict>
			<key>fileEncoding</key>
			<string>4</string>
			<key>isa</key>
			<string>PBXFileReference</string>
			<key>lastKnownFileType</key>
			<string>sourcecode.c.h</string>
			<key>path</key>
			<string>PASArtistTVCell.h</string>
			<key>sourceTree</key>
			<string>&lt;group&gt;</string>
		</dict>
		<key>F4D6C4B119BFAB8800465781</key>
		<dict>
			<key>fileEncoding</key>
			<string>4</string>
			<key>isa</key>
			<string>PBXFileReference</string>
			<key>lastKnownFileType</key>
			<string>sourcecode.c.objc</string>
			<key>path</key>
			<string>PASArtistTVCell.m</string>
			<key>sourceTree</key>
			<string>&lt;group&gt;</string>
		</dict>
		<key>F4D6C4B219BFAB8800465781</key>
		<dict>
			<key>fileEncoding</key>
			<string>4</string>
			<key>isa</key>
			<string>PBXFileReference</string>
			<key>lastKnownFileType</key>
			<string>file.xib</string>
			<key>path</key>
			<string>PASArtistTVCell.xib</string>
			<key>sourceTree</key>
			<string>&lt;group&gt;</string>
		</dict>
		<key>F4D6C4B319BFAB8800465781</key>
		<dict>
			<key>fileRef</key>
			<string>F4D6C4B119BFAB8800465781</string>
			<key>isa</key>
			<string>PBXBuildFile</string>
		</dict>
		<key>F4D6C4B419BFAB8800465781</key>
		<dict>
			<key>fileRef</key>
			<string>F4D6C4B219BFAB8800465781</string>
			<key>isa</key>
			<string>PBXBuildFile</string>
		</dict>
		<key>F4D9E94619C3612800B762A7</key>
		<dict>
			<key>children</key>
			<array>
				<string>F4589D3B19C240D500E17D49</string>
				<string>F4589D3C19C240D500E17D49</string>
				<string>F4D9E94B19C39AB100B762A7</string>
				<string>F42422A319CD8FCA0097C0F1</string>
				<string>F42422A419CD8FCA0097C0F1</string>
			</array>
			<key>isa</key>
			<string>PBXGroup</string>
			<key>name</key>
			<string>PageViewController</string>
			<key>sourceTree</key>
			<string>&lt;group&gt;</string>
		</dict>
		<key>F4D9E94B19C39AB100B762A7</key>
		<dict>
			<key>fileEncoding</key>
			<string>4</string>
			<key>isa</key>
			<string>PBXFileReference</string>
			<key>lastKnownFileType</key>
			<string>file.xib</string>
			<key>path</key>
			<string>PASPageViewController.xib</string>
			<key>sourceTree</key>
			<string>&lt;group&gt;</string>
		</dict>
		<key>F4D9E94C19C39AB100B762A7</key>
		<dict>
			<key>fileRef</key>
			<string>F4D9E94B19C39AB100B762A7</string>
			<key>isa</key>
			<string>PBXBuildFile</string>
		</dict>
		<key>F4D9E94D19C39D6200B762A7</key>
		<dict>
			<key>fileEncoding</key>
			<string>4</string>
			<key>isa</key>
			<string>PBXFileReference</string>
			<key>lastKnownFileType</key>
			<string>sourcecode.c.h</string>
			<key>path</key>
			<string>PASRootVC.h</string>
			<key>sourceTree</key>
			<string>&lt;group&gt;</string>
		</dict>
		<key>F4D9E94E19C39D6200B762A7</key>
		<dict>
			<key>fileEncoding</key>
			<string>4</string>
			<key>isa</key>
			<string>PBXFileReference</string>
			<key>lastKnownFileType</key>
			<string>sourcecode.c.objc</string>
			<key>path</key>
			<string>PASRootVC.m</string>
			<key>sourceTree</key>
			<string>&lt;group&gt;</string>
		</dict>
		<key>F4D9E94F19C39D6200B762A7</key>
		<dict>
			<key>fileRef</key>
			<string>F4D9E94E19C39D6200B762A7</string>
			<key>isa</key>
			<string>PBXBuildFile</string>
		</dict>
		<key>F4EC62BF19E66ADF009C5EF5</key>
		<dict>
			<key>isa</key>
			<string>PBXFileReference</string>
			<key>lastKnownFileType</key>
			<string>folder.assetcatalog</string>
			<key>path</key>
			<string>Images.xcassets</string>
			<key>sourceTree</key>
			<string>&lt;group&gt;</string>
		</dict>
		<key>F4EC62C019E66ADF009C5EF5</key>
		<dict>
			<key>fileRef</key>
			<string>F4EC62BF19E66ADF009C5EF5</string>
			<key>isa</key>
			<string>PBXBuildFile</string>
		</dict>
		<key>F4FA316519B8B7F2000337A0</key>
		<dict>
			<key>children</key>
			<array>
				<string>F4B8B0B719E060AD00E1064D</string>
				<string>F4B8B0B819E060AD00E1064D</string>
				<string>F476F0EC19B8D9A100185544</string>
				<string>F476F0ED19B8D9A100185544</string>
			</array>
			<key>isa</key>
			<string>PBXGroup</string>
			<key>name</key>
			<string>Utils</string>
			<key>sourceTree</key>
			<string>&lt;group&gt;</string>
		</dict>
		<key>F4FA316619B8B867000337A0</key>
		<dict>
			<key>fileEncoding</key>
			<string>4</string>
			<key>isa</key>
			<string>PBXFileReference</string>
			<key>lastKnownFileType</key>
			<string>sourcecode.c.h</string>
			<key>path</key>
			<string>UIImage+Utils.h</string>
			<key>sourceTree</key>
			<string>&lt;group&gt;</string>
		</dict>
		<key>F4FA316719B8B867000337A0</key>
		<dict>
			<key>fileEncoding</key>
			<string>4</string>
			<key>isa</key>
			<string>PBXFileReference</string>
			<key>lastKnownFileType</key>
			<string>sourcecode.c.objc</string>
			<key>path</key>
			<string>UIImage+Utils.m</string>
			<key>sourceTree</key>
			<string>&lt;group&gt;</string>
		</dict>
		<key>F4FA316819B8B867000337A0</key>
		<dict>
			<key>fileRef</key>
			<string>F4FA316719B8B867000337A0</string>
			<key>isa</key>
			<string>PBXBuildFile</string>
		</dict>
		<key>F4FEC99619E3032C00935B1E</key>
		<dict>
			<key>children</key>
			<array>
				<string>F4D9E94D19C39D6200B762A7</string>
				<string>F4D9E94E19C39D6200B762A7</string>
				<string>F4A779861793113E00C770B9</string>
				<string>F4A779871793113E00C770B9</string>
			</array>
			<key>isa</key>
			<string>PBXGroup</string>
			<key>name</key>
			<string>Root</string>
			<key>sourceTree</key>
			<string>&lt;group&gt;</string>
		</dict>
		<key>F4FEC99719E3038000935B1E</key>
		<dict>
			<key>children</key>
			<array>
				<string>F4FA316619B8B867000337A0</string>
				<string>F4FA316719B8B867000337A0</string>
				<string>F4A814B619E2056B003879B0</string>
				<string>F4A814B719E20CBD003879B0</string>
				<string>F4A814B819E20CBD003879B0</string>
				<string>F4FEC99819E3072100935B1E</string>
				<string>F4FEC99919E3072100935B1E</string>
			</array>
			<key>isa</key>
			<string>PBXGroup</string>
			<key>name</key>
			<string>Image Cache</string>
			<key>sourceTree</key>
			<string>&lt;group&gt;</string>
		</dict>
		<key>F4FEC99819E3072100935B1E</key>
		<dict>
			<key>fileEncoding</key>
			<string>4</string>
			<key>isa</key>
			<string>PBXFileReference</string>
			<key>lastKnownFileType</key>
			<string>sourcecode.c.h</string>
			<key>path</key>
			<string>MPMediaItem+SourceImage.h</string>
			<key>sourceTree</key>
			<string>&lt;group&gt;</string>
		</dict>
		<key>F4FEC99919E3072100935B1E</key>
		<dict>
			<key>fileEncoding</key>
			<string>4</string>
			<key>isa</key>
			<string>PBXFileReference</string>
			<key>lastKnownFileType</key>
			<string>sourcecode.c.objc</string>
			<key>path</key>
			<string>MPMediaItem+SourceImage.m</string>
			<key>sourceTree</key>
			<string>&lt;group&gt;</string>
		</dict>
		<key>F4FEC99A19E3072100935B1E</key>
		<dict>
			<key>fileRef</key>
			<string>F4FEC99919E3072100935B1E</string>
			<key>isa</key>
			<string>PBXBuildFile</string>
		</dict>
	</dict>
	<key>rootObject</key>
	<string>F4A7796C1793113E00C770B9</string>
</dict>
</plist>
