// !$*UTF8*$!
{
	archiveVersion = 1;
	classes = {
	};
	objectVersion = 46;
	objects = {

/* Begin PBXBuildFile section */
		65F86A33B682476FBAAC9AE6 /* libPods.a in Frameworks */ = {isa = PBXBuildFile; fileRef = CF473646EE4645ECB8A1B050 /* libPods.a */; };
		F40BBA6B18538DAD00877D60 /* PASAddFromMusicTVC.m in Sources */ = {isa = PBXBuildFile; fileRef = F40BBA6A18538DAD00877D60 /* PASAddFromMusicTVC.m */; };
		F40BBA6E1853908700877D60 /* MediaPlayer.framework in Frameworks */ = {isa = PBXBuildFile; fileRef = F40BBA6D1853908700877D60 /* MediaPlayer.framework */; };
		F42422A519CD8FCA0097C0F1 /* PASInteractiveTransition.m in Sources */ = {isa = PBXBuildFile; fileRef = F42422A419CD8FCA0097C0F1 /* PASInteractiveTransition.m */; };
		F424EE2E19B656D40010B3E1 /* AudioToolbox.framework in Frameworks */ = {isa = PBXBuildFile; fileRef = F424EE2D19B656D40010B3E1 /* AudioToolbox.framework */; };
		F424EE3019B656DD0010B3E1 /* CFNetwork.framework in Frameworks */ = {isa = PBXBuildFile; fileRef = F424EE2F19B656DD0010B3E1 /* CFNetwork.framework */; };
		F424EE3419B656FA0010B3E1 /* libz.dylib in Frameworks */ = {isa = PBXBuildFile; fileRef = F424EE3319B656FA0010B3E1 /* libz.dylib */; };
		F424EE3819B657120010B3E1 /* Security.framework in Frameworks */ = {isa = PBXBuildFile; fileRef = F424EE3719B657120010B3E1 /* Security.framework */; };
		F4256EC419EB1AAB00B9D95B /* PASExtendedNavContainer.xib in Resources */ = {isa = PBXBuildFile; fileRef = F4256EC319EB1AAB00B9D95B /* PASExtendedNavContainer.xib */; };
		F438692A17A55CE6000B7817 /* SystemConfiguration.framework in Frameworks */ = {isa = PBXBuildFile; fileRef = F4A60FD917A05EC8008D8F6C /* SystemConfiguration.framework */; };
		F438692B17A55CEF000B7817 /* MobileCoreServices.framework in Frameworks */ = {isa = PBXBuildFile; fileRef = F4A60FD717A05EBC008D8F6C /* MobileCoreServices.framework */; };
		F44E4BB619FE4FB900764532 /* UIColor+Utils.m in Sources */ = {isa = PBXBuildFile; fileRef = F44E4BB519FE4FB900764532 /* UIColor+Utils.m */; };
		F450FCE719F7044D00DF2D38 /* PASManageArtists.m in Sources */ = {isa = PBXBuildFile; fileRef = F450FCE619F7044D00DF2D38 /* PASManageArtists.m */; };
		F45586551A0506C2000D5893 /* PASAddFromSpotifyTVC.m in Sources */ = {isa = PBXBuildFile; fileRef = F45586541A0506C2000D5893 /* PASAddFromSpotifyTVC.m */; };
		F4589D3D19C240D500E17D49 /* PASPageViewController.m in Sources */ = {isa = PBXBuildFile; fileRef = F4589D3C19C240D500E17D49 /* PASPageViewController.m */; };
		F461C8E119EB006C0081B445 /* PASExtendedNavContainer.m in Sources */ = {isa = PBXBuildFile; fileRef = F461C8DF19EB006C0081B445 /* PASExtendedNavContainer.m */; };
		F4694D6419B74ABB00D12576 /* PASFavArtistsTVC.m in Sources */ = {isa = PBXBuildFile; fileRef = F4694D6319B74ABB00D12576 /* PASFavArtistsTVC.m */; };
		F4768C7A19FD3F11003682BD /* STKTableViewCell.m in Sources */ = {isa = PBXBuildFile; fileRef = F4768C7919FD3F11003682BD /* STKTableViewCell.m */; };
		F476F0EB19B8D8EA00185544 /* PASArtist.m in Sources */ = {isa = PBXBuildFile; fileRef = F476F0EA19B8D8EA00185544 /* PASArtist.m */; };
		F476F0EE19B8D9A100185544 /* PASResources.m in Sources */ = {isa = PBXBuildFile; fileRef = F476F0ED19B8D9A100185544 /* PASResources.m */; };
		F476F0F119B8FFA700185544 /* PASAddFromSamplesTVC.m in Sources */ = {isa = PBXBuildFile; fileRef = F476F0F019B8FFA700185544 /* PASAddFromSamplesTVC.m */; };
		F48FD13F19F28F6700F072A0 /* PASArtistInfo.m in Sources */ = {isa = PBXBuildFile; fileRef = F48FD13E19F28F6700F072A0 /* PASArtistInfo.m */; };
		F49137F119B7137900E4FC0D /* Accounts.framework in Frameworks */ = {isa = PBXBuildFile; fileRef = F49137F019B7137900E4FC0D /* Accounts.framework */; };
		F49137F319B7142300E4FC0D /* Social.framework in Frameworks */ = {isa = PBXBuildFile; fileRef = F49137F219B7142300E4FC0D /* Social.framework */; };
		F49137F519B714A200E4FC0D /* QuartzCore.framework in Frameworks */ = {isa = PBXBuildFile; fileRef = F49137F419B714A200E4FC0D /* QuartzCore.framework */; };
		F49137F819B716A500E4FC0D /* Bolts.framework in Frameworks */ = {isa = PBXBuildFile; fileRef = F49137F619B716A500E4FC0D /* Bolts.framework */; };
		F49137F919B716A500E4FC0D /* Parse.framework in Frameworks */ = {isa = PBXBuildFile; fileRef = F49137F719B716A500E4FC0D /* Parse.framework */; };
		F49618B319BC4CAC00B4F3FE /* PASTimelineCVC.m in Sources */ = {isa = PBXBuildFile; fileRef = F49618B219BC4CAC00B4F3FE /* PASTimelineCVC.m */; };
		F4A779781793113E00C770B9 /* UIKit.framework in Frameworks */ = {isa = PBXBuildFile; fileRef = F4A779771793113E00C770B9 /* UIKit.framework */; };
		F4A7797A1793113E00C770B9 /* Foundation.framework in Frameworks */ = {isa = PBXBuildFile; fileRef = F4A779791793113E00C770B9 /* Foundation.framework */; };
		F4A7797C1793113E00C770B9 /* CoreGraphics.framework in Frameworks */ = {isa = PBXBuildFile; fileRef = F4A7797B1793113E00C770B9 /* CoreGraphics.framework */; };
		F4A779821793113E00C770B9 /* InfoPlist.strings in Resources */ = {isa = PBXBuildFile; fileRef = F4A779801793113E00C770B9 /* InfoPlist.strings */; };
		F4A779841793113E00C770B9 /* main.m in Sources */ = {isa = PBXBuildFile; fileRef = F4A779831793113E00C770B9 /* main.m */; };
		F4A779881793113E00C770B9 /* PASAppDelegate.m in Sources */ = {isa = PBXBuildFile; fileRef = F4A779871793113E00C770B9 /* PASAppDelegate.m */; };
		F4A779911793113E00C770B9 /* iPhone.storyboard in Resources */ = {isa = PBXBuildFile; fileRef = F4A7798F1793113E00C770B9 /* iPhone.storyboard */; };
		F4A814B919E20CBD003879B0 /* NSString+SourceImage.m in Sources */ = {isa = PBXBuildFile; fileRef = F4A814B819E20CBD003879B0 /* NSString+SourceImage.m */; };
		F4B8B0B619E039EE00E1064D /* PASAlbumCVCell.m in Sources */ = {isa = PBXBuildFile; fileRef = F4B8B0B519E039EE00E1064D /* PASAlbumCVCell.m */; };
		F4B8B0B919E060AD00E1064D /* CPFQueryCollectionViewController.m in Sources */ = {isa = PBXBuildFile; fileRef = F4B8B0B819E060AD00E1064D /* CPFQueryCollectionViewController.m */; };
		F4BB585E19E9F23600221912 /* PASMyPVC.m in Sources */ = {isa = PBXBuildFile; fileRef = F4BB585D19E9F23600221912 /* PASMyPVC.m */; };
		F4D284CD19E087D0008A3913 /* PASAlbum.m in Sources */ = {isa = PBXBuildFile; fileRef = F4D284CC19E087D0008A3913 /* PASAlbum.m */; };
		F4D284D019E0AE26008A3913 /* PASParseObjectWithImages.m in Sources */ = {isa = PBXBuildFile; fileRef = F4D284CF19E0AE26008A3913 /* PASParseObjectWithImages.m */; };
		F4D6C4B319BFAB8800465781 /* PASArtistTVCell.m in Sources */ = {isa = PBXBuildFile; fileRef = F4D6C4B119BFAB8800465781 /* PASArtistTVCell.m */; };
		F4D6C4B419BFAB8800465781 /* PASArtistTVCell.xib in Resources */ = {isa = PBXBuildFile; fileRef = F4D6C4B219BFAB8800465781 /* PASArtistTVCell.xib */; };
		F4D9E94C19C39AB100B762A7 /* PASPageViewController.xib in Resources */ = {isa = PBXBuildFile; fileRef = F4D9E94B19C39AB100B762A7 /* PASPageViewController.xib */; };
		F4D9E94F19C39D6200B762A7 /* PASRootVC.m in Sources */ = {isa = PBXBuildFile; fileRef = F4D9E94E19C39D6200B762A7 /* PASRootVC.m */; };
		F4DEE4F419FBA808007EBB6A /* MPMediaItem+Passions.m in Sources */ = {isa = PBXBuildFile; fileRef = F4DEE4F319FBA808007EBB6A /* MPMediaItem+Passions.m */; };
		F4EC62C019E66ADF009C5EF5 /* Images.xcassets in Resources */ = {isa = PBXBuildFile; fileRef = F4EC62BF19E66ADF009C5EF5 /* Images.xcassets */; };
		F4EFD4011A0697EF00AB9436 /* SPTArtist+FICEntity.m in Sources */ = {isa = PBXBuildFile; fileRef = F4EFD4001A0697EF00AB9436 /* SPTArtist+FICEntity.m */; };
		F4FA316819B8B867000337A0 /* UIImage+Utils.m in Sources */ = {isa = PBXBuildFile; fileRef = F4FA316719B8B867000337A0 /* UIImage+Utils.m */; };
		F4FEC99A19E3072100935B1E /* MPMediaItemCollection+SourceImage.m in Sources */ = {isa = PBXBuildFile; fileRef = F4FEC99919E3072100935B1E /* MPMediaItemCollection+SourceImage.m */; };
/* End PBXBuildFile section */

/* Begin PBXFileReference section */
		32629A8CC07EC786B4B6BF2B /* Pods.release.xcconfig */ = {isa = PBXFileReference; includeInIndex = 1; lastKnownFileType = text.xcconfig; name = Pods.release.xcconfig; path = "Pods/Target Support Files/Pods/Pods.release.xcconfig"; sourceTree = "<group>"; };
		8074225D79F3AFFFEE8E01D6 /* Pods.debug.xcconfig */ = {isa = PBXFileReference; includeInIndex = 1; lastKnownFileType = text.xcconfig; name = Pods.debug.xcconfig; path = "Pods/Target Support Files/Pods/Pods.debug.xcconfig"; sourceTree = "<group>"; };
		CF473646EE4645ECB8A1B050 /* libPods.a */ = {isa = PBXFileReference; explicitFileType = archive.ar; includeInIndex = 0; path = libPods.a; sourceTree = BUILT_PRODUCTS_DIR; };
		F40BBA6918538DAD00877D60 /* PASAddFromMusicTVC.h */ = {isa = PBXFileReference; fileEncoding = 4; lastKnownFileType = sourcecode.c.h; path = PASAddFromMusicTVC.h; sourceTree = "<group>"; };
		F40BBA6A18538DAD00877D60 /* PASAddFromMusicTVC.m */ = {isa = PBXFileReference; fileEncoding = 4; lastKnownFileType = sourcecode.c.objc; path = PASAddFromMusicTVC.m; sourceTree = "<group>"; };
		F40BBA6D1853908700877D60 /* MediaPlayer.framework */ = {isa = PBXFileReference; lastKnownFileType = wrapper.framework; name = MediaPlayer.framework; path = System/Library/Frameworks/MediaPlayer.framework; sourceTree = SDKROOT; };
		F42422A319CD8FCA0097C0F1 /* PASInteractiveTransition.h */ = {isa = PBXFileReference; fileEncoding = 4; lastKnownFileType = sourcecode.c.h; path = PASInteractiveTransition.h; sourceTree = "<group>"; };
		F42422A419CD8FCA0097C0F1 /* PASInteractiveTransition.m */ = {isa = PBXFileReference; fileEncoding = 4; lastKnownFileType = sourcecode.c.objc; path = PASInteractiveTransition.m; sourceTree = "<group>"; };
		F424EE2D19B656D40010B3E1 /* AudioToolbox.framework */ = {isa = PBXFileReference; lastKnownFileType = wrapper.framework; name = AudioToolbox.framework; path = System/Library/Frameworks/AudioToolbox.framework; sourceTree = SDKROOT; };
		F424EE2F19B656DD0010B3E1 /* CFNetwork.framework */ = {isa = PBXFileReference; lastKnownFileType = wrapper.framework; name = CFNetwork.framework; path = System/Library/Frameworks/CFNetwork.framework; sourceTree = SDKROOT; };
		F424EE3319B656FA0010B3E1 /* libz.dylib */ = {isa = PBXFileReference; lastKnownFileType = "compiled.mach-o.dylib"; name = libz.dylib; path = usr/lib/libz.dylib; sourceTree = SDKROOT; };
		F424EE3719B657120010B3E1 /* Security.framework */ = {isa = PBXFileReference; lastKnownFileType = wrapper.framework; name = Security.framework; path = System/Library/Frameworks/Security.framework; sourceTree = SDKROOT; };
		F4256EC319EB1AAB00B9D95B /* PASExtendedNavContainer.xib */ = {isa = PBXFileReference; fileEncoding = 4; lastKnownFileType = file.xib; path = PASExtendedNavContainer.xib; sourceTree = "<group>"; };
		F44E4BB419FE4FB900764532 /* UIColor+Utils.h */ = {isa = PBXFileReference; fileEncoding = 4; lastKnownFileType = sourcecode.c.h; path = "UIColor+Utils.h"; sourceTree = "<group>"; };
		F44E4BB519FE4FB900764532 /* UIColor+Utils.m */ = {isa = PBXFileReference; fileEncoding = 4; lastKnownFileType = sourcecode.c.objc; path = "UIColor+Utils.m"; sourceTree = "<group>"; };
		F450FCE519F7044D00DF2D38 /* PASManageArtists.h */ = {isa = PBXFileReference; fileEncoding = 4; lastKnownFileType = sourcecode.c.h; path = PASManageArtists.h; sourceTree = "<group>"; };
		F450FCE619F7044D00DF2D38 /* PASManageArtists.m */ = {isa = PBXFileReference; fileEncoding = 4; lastKnownFileType = sourcecode.c.objc; path = PASManageArtists.m; sourceTree = "<group>"; };
		F45586531A0506C2000D5893 /* PASAddFromSpotifyTVC.h */ = {isa = PBXFileReference; fileEncoding = 4; lastKnownFileType = sourcecode.c.h; path = PASAddFromSpotifyTVC.h; sourceTree = "<group>"; };
		F45586541A0506C2000D5893 /* PASAddFromSpotifyTVC.m */ = {isa = PBXFileReference; fileEncoding = 4; lastKnownFileType = sourcecode.c.objc; path = PASAddFromSpotifyTVC.m; sourceTree = "<group>"; };
		F4589D3B19C240D500E17D49 /* PASPageViewController.h */ = {isa = PBXFileReference; fileEncoding = 4; lastKnownFileType = sourcecode.c.h; path = PASPageViewController.h; sourceTree = "<group>"; };
		F4589D3C19C240D500E17D49 /* PASPageViewController.m */ = {isa = PBXFileReference; fileEncoding = 4; lastKnownFileType = sourcecode.c.objc; path = PASPageViewController.m; sourceTree = "<group>"; };
		F461C8DE19EB006C0081B445 /* PASExtendedNavContainer.h */ = {isa = PBXFileReference; fileEncoding = 4; lastKnownFileType = sourcecode.c.h; path = PASExtendedNavContainer.h; sourceTree = "<group>"; };
		F461C8DF19EB006C0081B445 /* PASExtendedNavContainer.m */ = {isa = PBXFileReference; fileEncoding = 4; lastKnownFileType = sourcecode.c.objc; path = PASExtendedNavContainer.m; sourceTree = "<group>"; };
		F4694D6219B74ABB00D12576 /* PASFavArtistsTVC.h */ = {isa = PBXFileReference; fileEncoding = 4; lastKnownFileType = sourcecode.c.h; path = PASFavArtistsTVC.h; sourceTree = "<group>"; };
		F4694D6319B74ABB00D12576 /* PASFavArtistsTVC.m */ = {isa = PBXFileReference; fileEncoding = 4; lastKnownFileType = sourcecode.c.objc; path = PASFavArtistsTVC.m; sourceTree = "<group>"; };
		F4768C7819FD3F11003682BD /* STKTableViewCell.h */ = {isa = PBXFileReference; fileEncoding = 4; lastKnownFileType = sourcecode.c.h; path = STKTableViewCell.h; sourceTree = "<group>"; };
		F4768C7919FD3F11003682BD /* STKTableViewCell.m */ = {isa = PBXFileReference; fileEncoding = 4; lastKnownFileType = sourcecode.c.objc; path = STKTableViewCell.m; sourceTree = "<group>"; };
		F476F0E919B8D8EA00185544 /* PASArtist.h */ = {isa = PBXFileReference; fileEncoding = 4; lastKnownFileType = sourcecode.c.h; path = PASArtist.h; sourceTree = "<group>"; };
		F476F0EA19B8D8EA00185544 /* PASArtist.m */ = {isa = PBXFileReference; fileEncoding = 4; lastKnownFileType = sourcecode.c.objc; path = PASArtist.m; sourceTree = "<group>"; };
		F476F0EC19B8D9A100185544 /* PASResources.h */ = {isa = PBXFileReference; fileEncoding = 4; lastKnownFileType = sourcecode.c.h; path = PASResources.h; sourceTree = "<group>"; };
		F476F0ED19B8D9A100185544 /* PASResources.m */ = {isa = PBXFileReference; fileEncoding = 4; lastKnownFileType = sourcecode.c.objc; path = PASResources.m; sourceTree = "<group>"; };
		F476F0EF19B8FFA700185544 /* PASAddFromSamplesTVC.h */ = {isa = PBXFileReference; fileEncoding = 4; lastKnownFileType = sourcecode.c.h; path = PASAddFromSamplesTVC.h; sourceTree = "<group>"; };
		F476F0F019B8FFA700185544 /* PASAddFromSamplesTVC.m */ = {isa = PBXFileReference; fileEncoding = 4; lastKnownFileType = sourcecode.c.objc; path = PASAddFromSamplesTVC.m; sourceTree = "<group>"; };
		F48FD13D19F28F6700F072A0 /* PASArtistInfo.h */ = {isa = PBXFileReference; fileEncoding = 4; lastKnownFileType = sourcecode.c.h; path = PASArtistInfo.h; sourceTree = "<group>"; };
		F48FD13E19F28F6700F072A0 /* PASArtistInfo.m */ = {isa = PBXFileReference; fileEncoding = 4; lastKnownFileType = sourcecode.c.objc; path = PASArtistInfo.m; sourceTree = "<group>"; };
		F49137F019B7137900E4FC0D /* Accounts.framework */ = {isa = PBXFileReference; lastKnownFileType = wrapper.framework; name = Accounts.framework; path = System/Library/Frameworks/Accounts.framework; sourceTree = SDKROOT; };
		F49137F219B7142300E4FC0D /* Social.framework */ = {isa = PBXFileReference; lastKnownFileType = wrapper.framework; name = Social.framework; path = System/Library/Frameworks/Social.framework; sourceTree = SDKROOT; };
		F49137F419B714A200E4FC0D /* QuartzCore.framework */ = {isa = PBXFileReference; lastKnownFileType = wrapper.framework; name = QuartzCore.framework; path = System/Library/Frameworks/QuartzCore.framework; sourceTree = SDKROOT; };
		F49137F619B716A500E4FC0D /* Bolts.framework */ = {isa = PBXFileReference; lastKnownFileType = wrapper.framework; name = Bolts.framework; path = Passions/Bolts.framework; sourceTree = "<group>"; };
		F49137F719B716A500E4FC0D /* Parse.framework */ = {isa = PBXFileReference; lastKnownFileType = wrapper.framework; name = Parse.framework; path = Passions/Parse.framework; sourceTree = "<group>"; };
		F49618B119BC4CAC00B4F3FE /* PASTimelineCVC.h */ = {isa = PBXFileReference; fileEncoding = 4; lastKnownFileType = sourcecode.c.h; path = PASTimelineCVC.h; sourceTree = "<group>"; };
		F49618B219BC4CAC00B4F3FE /* PASTimelineCVC.m */ = {isa = PBXFileReference; fileEncoding = 4; lastKnownFileType = sourcecode.c.objc; path = PASTimelineCVC.m; sourceTree = "<group>"; };
		F4A60FD717A05EBC008D8F6C /* MobileCoreServices.framework */ = {isa = PBXFileReference; lastKnownFileType = wrapper.framework; name = MobileCoreServices.framework; path = System/Library/Frameworks/MobileCoreServices.framework; sourceTree = SDKROOT; };
		F4A60FD917A05EC8008D8F6C /* SystemConfiguration.framework */ = {isa = PBXFileReference; lastKnownFileType = wrapper.framework; name = SystemConfiguration.framework; path = System/Library/Frameworks/SystemConfiguration.framework; sourceTree = SDKROOT; };
		F4A779741793113E00C770B9 /* Passions.app */ = {isa = PBXFileReference; explicitFileType = wrapper.application; includeInIndex = 0; path = Passions.app; sourceTree = BUILT_PRODUCTS_DIR; };
		F4A779771793113E00C770B9 /* UIKit.framework */ = {isa = PBXFileReference; lastKnownFileType = wrapper.framework; name = UIKit.framework; path = System/Library/Frameworks/UIKit.framework; sourceTree = SDKROOT; };
		F4A779791793113E00C770B9 /* Foundation.framework */ = {isa = PBXFileReference; lastKnownFileType = wrapper.framework; name = Foundation.framework; path = System/Library/Frameworks/Foundation.framework; sourceTree = SDKROOT; };
		F4A7797B1793113E00C770B9 /* CoreGraphics.framework */ = {isa = PBXFileReference; lastKnownFileType = wrapper.framework; name = CoreGraphics.framework; path = System/Library/Frameworks/CoreGraphics.framework; sourceTree = SDKROOT; };
		F4A7797F1793113E00C770B9 /* Passions-Info.plist */ = {isa = PBXFileReference; lastKnownFileType = text.plist.xml; path = "Passions-Info.plist"; sourceTree = "<group>"; };
		F4A779811793113E00C770B9 /* en */ = {isa = PBXFileReference; lastKnownFileType = text.plist.strings; name = en; path = en.lproj/InfoPlist.strings; sourceTree = "<group>"; };
		F4A779831793113E00C770B9 /* main.m */ = {isa = PBXFileReference; lastKnownFileType = sourcecode.c.objc; path = main.m; sourceTree = "<group>"; };
		F4A779851793113E00C770B9 /* Passions-Prefix.pch */ = {isa = PBXFileReference; lastKnownFileType = sourcecode.c.h; path = "Passions-Prefix.pch"; sourceTree = "<group>"; };
		F4A779861793113E00C770B9 /* PASAppDelegate.h */ = {isa = PBXFileReference; lastKnownFileType = sourcecode.c.h; path = PASAppDelegate.h; sourceTree = "<group>"; };
		F4A779871793113E00C770B9 /* PASAppDelegate.m */ = {isa = PBXFileReference; lastKnownFileType = sourcecode.c.objc; path = PASAppDelegate.m; sourceTree = "<group>"; };
		F4A779901793113E00C770B9 /* en */ = {isa = PBXFileReference; lastKnownFileType = file.storyboard; name = en; path = en.lproj/iPhone.storyboard; sourceTree = "<group>"; };
		F4A814B619E2056B003879B0 /* PASSourceImage.h */ = {isa = PBXFileReference; fileEncoding = 4; lastKnownFileType = sourcecode.c.h; path = PASSourceImage.h; sourceTree = "<group>"; };
		F4A814B719E20CBD003879B0 /* NSString+SourceImage.h */ = {isa = PBXFileReference; fileEncoding = 4; lastKnownFileType = sourcecode.c.h; path = "NSString+SourceImage.h"; sourceTree = "<group>"; };
		F4A814B819E20CBD003879B0 /* NSString+SourceImage.m */ = {isa = PBXFileReference; fileEncoding = 4; lastKnownFileType = sourcecode.c.objc; path = "NSString+SourceImage.m"; sourceTree = "<group>"; };
		F4B8B0B419E039EE00E1064D /* PASAlbumCVCell.h */ = {isa = PBXFileReference; fileEncoding = 4; lastKnownFileType = sourcecode.c.h; path = PASAlbumCVCell.h; sourceTree = "<group>"; };
		F4B8B0B519E039EE00E1064D /* PASAlbumCVCell.m */ = {isa = PBXFileReference; fileEncoding = 4; lastKnownFileType = sourcecode.c.objc; path = PASAlbumCVCell.m; sourceTree = "<group>"; };
		F4B8B0B719E060AD00E1064D /* CPFQueryCollectionViewController.h */ = {isa = PBXFileReference; fileEncoding = 4; lastKnownFileType = sourcecode.c.h; path = CPFQueryCollectionViewController.h; sourceTree = "<group>"; };
		F4B8B0B819E060AD00E1064D /* CPFQueryCollectionViewController.m */ = {isa = PBXFileReference; fileEncoding = 4; lastKnownFileType = sourcecode.c.objc; path = CPFQueryCollectionViewController.m; sourceTree = "<group>"; };
		F4BB585C19E9F23600221912 /* PASMyPVC.h */ = {isa = PBXFileReference; fileEncoding = 4; lastKnownFileType = sourcecode.c.h; path = PASMyPVC.h; sourceTree = "<group>"; };
		F4BB585D19E9F23600221912 /* PASMyPVC.m */ = {isa = PBXFileReference; fileEncoding = 4; lastKnownFileType = sourcecode.c.objc; path = PASMyPVC.m; sourceTree = "<group>"; };
		F4D284CB19E087D0008A3913 /* PASAlbum.h */ = {isa = PBXFileReference; fileEncoding = 4; lastKnownFileType = sourcecode.c.h; path = PASAlbum.h; sourceTree = "<group>"; };
		F4D284CC19E087D0008A3913 /* PASAlbum.m */ = {isa = PBXFileReference; fileEncoding = 4; lastKnownFileType = sourcecode.c.objc; path = PASAlbum.m; sourceTree = "<group>"; };
		F4D284CE19E0AE26008A3913 /* PASParseObjectWithImages.h */ = {isa = PBXFileReference; fileEncoding = 4; lastKnownFileType = sourcecode.c.h; path = PASParseObjectWithImages.h; sourceTree = "<group>"; };
		F4D284CF19E0AE26008A3913 /* PASParseObjectWithImages.m */ = {isa = PBXFileReference; fileEncoding = 4; lastKnownFileType = sourcecode.c.objc; path = PASParseObjectWithImages.m; sourceTree = "<group>"; };
		F4D6C4B019BFAB8800465781 /* PASArtistTVCell.h */ = {isa = PBXFileReference; fileEncoding = 4; lastKnownFileType = sourcecode.c.h; path = PASArtistTVCell.h; sourceTree = "<group>"; };
		F4D6C4B119BFAB8800465781 /* PASArtistTVCell.m */ = {isa = PBXFileReference; fileEncoding = 4; lastKnownFileType = sourcecode.c.objc; path = PASArtistTVCell.m; sourceTree = "<group>"; };
		F4D6C4B219BFAB8800465781 /* PASArtistTVCell.xib */ = {isa = PBXFileReference; fileEncoding = 4; lastKnownFileType = file.xib; path = PASArtistTVCell.xib; sourceTree = "<group>"; };
		F4D9E94B19C39AB100B762A7 /* PASPageViewController.xib */ = {isa = PBXFileReference; fileEncoding = 4; lastKnownFileType = file.xib; path = PASPageViewController.xib; sourceTree = "<group>"; };
		F4D9E94D19C39D6200B762A7 /* PASRootVC.h */ = {isa = PBXFileReference; fileEncoding = 4; lastKnownFileType = sourcecode.c.h; path = PASRootVC.h; sourceTree = "<group>"; };
		F4D9E94E19C39D6200B762A7 /* PASRootVC.m */ = {isa = PBXFileReference; fileEncoding = 4; lastKnownFileType = sourcecode.c.objc; path = PASRootVC.m; sourceTree = "<group>"; };
		F4DEE4F219FBA808007EBB6A /* MPMediaItem+Passions.h */ = {isa = PBXFileReference; fileEncoding = 4; lastKnownFileType = sourcecode.c.h; path = "MPMediaItem+Passions.h"; sourceTree = "<group>"; };
		F4DEE4F319FBA808007EBB6A /* MPMediaItem+Passions.m */ = {isa = PBXFileReference; fileEncoding = 4; lastKnownFileType = sourcecode.c.objc; path = "MPMediaItem+Passions.m"; sourceTree = "<group>"; };
		F4EC62BF19E66ADF009C5EF5 /* Images.xcassets */ = {isa = PBXFileReference; lastKnownFileType = folder.assetcatalog; path = Images.xcassets; sourceTree = "<group>"; };
		F4EFD3FF1A0697EF00AB9436 /* SPTArtist+FICEntity.h */ = {isa = PBXFileReference; fileEncoding = 4; lastKnownFileType = sourcecode.c.h; path = "SPTArtist+FICEntity.h"; sourceTree = "<group>"; };
		F4EFD4001A0697EF00AB9436 /* SPTArtist+FICEntity.m */ = {isa = PBXFileReference; fileEncoding = 4; lastKnownFileType = sourcecode.c.objc; path = "SPTArtist+FICEntity.m"; sourceTree = "<group>"; };
		F4FA316619B8B867000337A0 /* UIImage+Utils.h */ = {isa = PBXFileReference; fileEncoding = 4; lastKnownFileType = sourcecode.c.h; path = "UIImage+Utils.h"; sourceTree = "<group>"; };
		F4FA316719B8B867000337A0 /* UIImage+Utils.m */ = {isa = PBXFileReference; fileEncoding = 4; lastKnownFileType = sourcecode.c.objc; path = "UIImage+Utils.m"; sourceTree = "<group>"; };
		F4FEC99819E3072100935B1E /* MPMediaItemCollection+SourceImage.h */ = {isa = PBXFileReference; fileEncoding = 4; lastKnownFileType = sourcecode.c.h; path = "MPMediaItemCollection+SourceImage.h"; sourceTree = "<group>"; };
		F4FEC99919E3072100935B1E /* MPMediaItemCollection+SourceImage.m */ = {isa = PBXFileReference; fileEncoding = 4; lastKnownFileType = sourcecode.c.objc; path = "MPMediaItemCollection+SourceImage.m"; sourceTree = "<group>"; };
/* End PBXFileReference section */

/* Begin PBXFrameworksBuildPhase section */
		F4A779711793113E00C770B9 /* Frameworks */ = {
			isa = PBXFrameworksBuildPhase;
			buildActionMask = 2147483647;
			files = (
				F49137F519B714A200E4FC0D /* QuartzCore.framework in Frameworks */,
				F49137F319B7142300E4FC0D /* Social.framework in Frameworks */,
				F49137F119B7137900E4FC0D /* Accounts.framework in Frameworks */,
				F438692A17A55CE6000B7817 /* SystemConfiguration.framework in Frameworks */,
				F424EE3819B657120010B3E1 /* Security.framework in Frameworks */,
				F438692B17A55CEF000B7817 /* MobileCoreServices.framework in Frameworks */,
				F49137F919B716A500E4FC0D /* Parse.framework in Frameworks */,
				F424EE3419B656FA0010B3E1 /* libz.dylib in Frameworks */,
				F4A7797C1793113E00C770B9 /* CoreGraphics.framework in Frameworks */,
				F424EE3019B656DD0010B3E1 /* CFNetwork.framework in Frameworks */,
				F424EE2E19B656D40010B3E1 /* AudioToolbox.framework in Frameworks */,
				F40BBA6E1853908700877D60 /* MediaPlayer.framework in Frameworks */,
				F4A779781793113E00C770B9 /* UIKit.framework in Frameworks */,
				F4A7797A1793113E00C770B9 /* Foundation.framework in Frameworks */,
				65F86A33B682476FBAAC9AE6 /* libPods.a in Frameworks */,
				F49137F819B716A500E4FC0D /* Bolts.framework in Frameworks */,
			);
			runOnlyForDeploymentPostprocessing = 0;
		};
/* End PBXFrameworksBuildPhase section */

/* Begin PBXGroup section */
		B6B68DC41B208B13CBB51854 /* Pods */ = {
			isa = PBXGroup;
			children = (
				8074225D79F3AFFFEE8E01D6 /* Pods.debug.xcconfig */,
				32629A8CC07EC786B4B6BF2B /* Pods.release.xcconfig */,
			);
			name = Pods;
			sourceTree = "<group>";
		};
		F476F0E819B8D8C500185544 /* Parse Objects */ = {
			isa = PBXGroup;
			children = (
				F4D284CE19E0AE26008A3913 /* PASParseObjectWithImages.h */,
				F4D284CF19E0AE26008A3913 /* PASParseObjectWithImages.m */,
				F476F0E919B8D8EA00185544 /* PASArtist.h */,
				F476F0EA19B8D8EA00185544 /* PASArtist.m */,
				F4D284CB19E087D0008A3913 /* PASAlbum.h */,
				F4D284CC19E087D0008A3913 /* PASAlbum.m */,
			);
			name = "Parse Objects";
			sourceTree = "<group>";
		};
		F49618B419BC4CC000B4F3FE /* Favorite Artists */ = {
			isa = PBXGroup;
			children = (
				F4694D6219B74ABB00D12576 /* PASFavArtistsTVC.h */,
				F4694D6319B74ABB00D12576 /* PASFavArtistsTVC.m */,
				F4D6C4B019BFAB8800465781 /* PASArtistTVCell.h */,
				F4D6C4B119BFAB8800465781 /* PASArtistTVCell.m */,
				F4D6C4B219BFAB8800465781 /* PASArtistTVCell.xib */,
				F48FD13D19F28F6700F072A0 /* PASArtistInfo.h */,
				F48FD13E19F28F6700F072A0 /* PASArtistInfo.m */,
			);
			name = "Favorite Artists";
			sourceTree = "<group>";
		};
		F49618B519BC4CCB00B4F3FE /* Add Artists */ = {
			isa = PBXGroup;
			children = (
				F4BB585C19E9F23600221912 /* PASMyPVC.h */,
				F4BB585D19E9F23600221912 /* PASMyPVC.m */,
				F461C8DE19EB006C0081B445 /* PASExtendedNavContainer.h */,
				F461C8DF19EB006C0081B445 /* PASExtendedNavContainer.m */,
				F4256EC319EB1AAB00B9D95B /* PASExtendedNavContainer.xib */,
				F476F0EF19B8FFA700185544 /* PASAddFromSamplesTVC.h */,
				F476F0F019B8FFA700185544 /* PASAddFromSamplesTVC.m */,
				F40BBA6918538DAD00877D60 /* PASAddFromMusicTVC.h */,
				F40BBA6A18538DAD00877D60 /* PASAddFromMusicTVC.m */,
				F45586531A0506C2000D5893 /* PASAddFromSpotifyTVC.h */,
				F45586541A0506C2000D5893 /* PASAddFromSpotifyTVC.m */,
			);
			name = "Add Artists";
			sourceTree = "<group>";
		};
		F4A7796B1793113E00C770B9 = {
			isa = PBXGroup;
			children = (
				F4A7797D1793113E00C770B9 /* Passions */,
				F4A779761793113E00C770B9 /* Frameworks */,
				F4A779751793113E00C770B9 /* Products */,
				B6B68DC41B208B13CBB51854 /* Pods */,
			);
			sourceTree = "<group>";
		};
		F4A779751793113E00C770B9 /* Products */ = {
			isa = PBXGroup;
			children = (
				F4A779741793113E00C770B9 /* Passions.app */,
			);
			name = Products;
			sourceTree = "<group>";
		};
		F4A779761793113E00C770B9 /* Frameworks */ = {
			isa = PBXGroup;
			children = (
				F49137F019B7137900E4FC0D /* Accounts.framework */,
				F424EE2D19B656D40010B3E1 /* AudioToolbox.framework */,
				F49137F619B716A500E4FC0D /* Bolts.framework */,
				F424EE2F19B656DD0010B3E1 /* CFNetwork.framework */,
				F4A7797B1793113E00C770B9 /* CoreGraphics.framework */,
				F4A779791793113E00C770B9 /* Foundation.framework */,
				CF473646EE4645ECB8A1B050 /* libPods.a */,
				F424EE3319B656FA0010B3E1 /* libz.dylib */,
				F40BBA6D1853908700877D60 /* MediaPlayer.framework */,
				F4A60FD717A05EBC008D8F6C /* MobileCoreServices.framework */,
				F49137F719B716A500E4FC0D /* Parse.framework */,
				F49137F419B714A200E4FC0D /* QuartzCore.framework */,
				F424EE3719B657120010B3E1 /* Security.framework */,
				F49137F219B7142300E4FC0D /* Social.framework */,
				F4A60FD917A05EC8008D8F6C /* SystemConfiguration.framework */,
				F4A779771793113E00C770B9 /* UIKit.framework */,
			);
			name = Frameworks;
			sourceTree = "<group>";
		};
		F4A7797D1793113E00C770B9 /* Passions */ = {
			isa = PBXGroup;
			children = (
				F4A7798F1793113E00C770B9 /* iPhone.storyboard */,
				F4FEC99619E3032C00935B1E /* Root */,
				F4A814B219E1D3E5003879B0 /* Album Timeline */,
				F49618B419BC4CC000B4F3FE /* Favorite Artists */,
				F49618B519BC4CCB00B4F3FE /* Add Artists */,
				F4F2336319FDD3B4004882B8 /* Add Artist Helpers */,
				F4D9E94619C3612800B762A7 /* PageViewController */,
				F4FEC99719E3038000935B1E /* Image Cache */,
				F476F0E819B8D8C500185544 /* Parse Objects */,
				F4FA316519B8B7F2000337A0 /* Utils */,
				F4A7797E1793113E00C770B9 /* Supporting Files */,
			);
			path = Passions;
			sourceTree = "<group>";
		};
		F4A7797E1793113E00C770B9 /* Supporting Files */ = {
			isa = PBXGroup;
			children = (
				F4EC62BF19E66ADF009C5EF5 /* Images.xcassets */,
				F4A7797F1793113E00C770B9 /* Passions-Info.plist */,
				F4A779801793113E00C770B9 /* InfoPlist.strings */,
				F4A779831793113E00C770B9 /* main.m */,
				F4A779851793113E00C770B9 /* Passions-Prefix.pch */,
			);
			name = "Supporting Files";
			sourceTree = "<group>";
		};
		F4A814B219E1D3E5003879B0 /* Album Timeline */ = {
			isa = PBXGroup;
			children = (
				F49618B119BC4CAC00B4F3FE /* PASTimelineCVC.h */,
				F49618B219BC4CAC00B4F3FE /* PASTimelineCVC.m */,
				F4B8B0B419E039EE00E1064D /* PASAlbumCVCell.h */,
				F4B8B0B519E039EE00E1064D /* PASAlbumCVCell.m */,
			);
			name = "Album Timeline";
			sourceTree = "<group>";
		};
		F4D9E94619C3612800B762A7 /* PageViewController */ = {
			isa = PBXGroup;
			children = (
				F4589D3B19C240D500E17D49 /* PASPageViewController.h */,
				F4589D3C19C240D500E17D49 /* PASPageViewController.m */,
				F4D9E94B19C39AB100B762A7 /* PASPageViewController.xib */,
				F42422A319CD8FCA0097C0F1 /* PASInteractiveTransition.h */,
				F42422A419CD8FCA0097C0F1 /* PASInteractiveTransition.m */,
			);
			name = PageViewController;
			sourceTree = "<group>";
		};
		F4F2336319FDD3B4004882B8 /* Add Artist Helpers */ = {
			isa = PBXGroup;
			children = (
				F450FCE519F7044D00DF2D38 /* PASManageArtists.h */,
				F450FCE619F7044D00DF2D38 /* PASManageArtists.m */,
				F4DEE4F219FBA808007EBB6A /* MPMediaItem+Passions.h */,
				F4DEE4F319FBA808007EBB6A /* MPMediaItem+Passions.m */,
			);
			name = "Add Artist Helpers";
			sourceTree = "<group>";
		};
		F4FA316519B8B7F2000337A0 /* Utils */ = {
			isa = PBXGroup;
			children = (
				F476F0EC19B8D9A100185544 /* PASResources.h */,
				F476F0ED19B8D9A100185544 /* PASResources.m */,
				F4B8B0B719E060AD00E1064D /* CPFQueryCollectionViewController.h */,
				F4B8B0B819E060AD00E1064D /* CPFQueryCollectionViewController.m */,
				F4768C7819FD3F11003682BD /* STKTableViewCell.h */,
				F4768C7919FD3F11003682BD /* STKTableViewCell.m */,
				F44E4BB419FE4FB900764532 /* UIColor+Utils.h */,
				F44E4BB519FE4FB900764532 /* UIColor+Utils.m */,
			);
			name = Utils;
			sourceTree = "<group>";
		};
		F4FEC99619E3032C00935B1E /* Root */ = {
			isa = PBXGroup;
			children = (
				F4D9E94D19C39D6200B762A7 /* PASRootVC.h */,
				F4D9E94E19C39D6200B762A7 /* PASRootVC.m */,
				F4A779861793113E00C770B9 /* PASAppDelegate.h */,
				F4A779871793113E00C770B9 /* PASAppDelegate.m */,
			);
			name = Root;
			sourceTree = "<group>";
		};
		F4FEC99719E3038000935B1E /* Image Cache */ = {
			isa = PBXGroup;
			children = (
				F4FA316619B8B867000337A0 /* UIImage+Utils.h */,
				F4FA316719B8B867000337A0 /* UIImage+Utils.m */,
				F4A814B619E2056B003879B0 /* PASSourceImage.h */,
				F4A814B719E20CBD003879B0 /* NSString+SourceImage.h */,
				F4A814B819E20CBD003879B0 /* NSString+SourceImage.m */,
				F4FEC99819E3072100935B1E /* MPMediaItemCollection+SourceImage.h */,
				F4FEC99919E3072100935B1E /* MPMediaItemCollection+SourceImage.m */,
				F4EFD3FF1A0697EF00AB9436 /* SPTArtist+FICEntity.h */,
				F4EFD4001A0697EF00AB9436 /* SPTArtist+FICEntity.m */,
			);
			name = "Image Cache";
			sourceTree = "<group>";
		};
/* End PBXGroup section */

/* Begin PBXNativeTarget section */
		F4A779731793113E00C770B9 /* Passions */ = {
			isa = PBXNativeTarget;
			buildConfigurationList = F4A779971793113E00C770B9 /* Build configuration list for PBXNativeTarget "Passions" */;
			buildPhases = (
				285BA2999A0D43AD9BA46C13 /* Check Pods Manifest.lock */,
				F4A779701793113E00C770B9 /* Sources */,
				F4D01C7B19E7DA20006C8BFD /* Run Script */,
				F4D01C7E19E7DABE006C8BFD /* ShellScript */,
				F4A779711793113E00C770B9 /* Frameworks */,
				F4A779721793113E00C770B9 /* Resources */,
				69808365EA0D490B9CC26CB3 /* Copy Pods Resources */,
			);
			buildRules = (
			);
			dependencies = (
			);
			name = Passions;
			productName = Passions;
			productReference = F4A779741793113E00C770B9 /* Passions.app */;
			productType = "com.apple.product-type.application";
		};
/* End PBXNativeTarget section */

/* Begin PBXProject section */
		F4A7796C1793113E00C770B9 /* Project object */ = {
			isa = PBXProject;
			attributes = {
				CLASSPREFIX = PAS;
				LastUpgradeCheck = 0510;
				ORGANIZATIONNAME = edgeguard;
				TargetAttributes = {
					F4A779731793113E00C770B9 = {
						DevelopmentTeam = KZ2BJ5Q7N6;
						SystemCapabilities = {
							com.apple.BackgroundModes = {
								enabled = 1;
							};
						};
					};
				};
			};
			buildConfigurationList = F4A7796F1793113E00C770B9 /* Build configuration list for PBXProject "Passions" */;
			compatibilityVersion = "Xcode 3.2";
			developmentRegion = English;
			hasScannedForEncodings = 0;
			knownRegions = (
				en,
			);
			mainGroup = F4A7796B1793113E00C770B9;
			productRefGroup = F4A779751793113E00C770B9 /* Products */;
			projectDirPath = "";
			projectRoot = "";
			targets = (
				F4A779731793113E00C770B9 /* Passions */,
			);
		};
/* End PBXProject section */

/* Begin PBXResourcesBuildPhase section */
		F4A779721793113E00C770B9 /* Resources */ = {
			isa = PBXResourcesBuildPhase;
			buildActionMask = 2147483647;
			files = (
				F4A779821793113E00C770B9 /* InfoPlist.strings in Resources */,
				F4256EC419EB1AAB00B9D95B /* PASExtendedNavContainer.xib in Resources */,
				F4EC62C019E66ADF009C5EF5 /* Images.xcassets in Resources */,
				F4D6C4B419BFAB8800465781 /* PASArtistTVCell.xib in Resources */,
				F4D9E94C19C39AB100B762A7 /* PASPageViewController.xib in Resources */,
				F4A779911793113E00C770B9 /* iPhone.storyboard in Resources */,
			);
			runOnlyForDeploymentPostprocessing = 0;
		};
/* End PBXResourcesBuildPhase section */

/* Begin PBXShellScriptBuildPhase section */
		285BA2999A0D43AD9BA46C13 /* Check Pods Manifest.lock */ = {
			isa = PBXShellScriptBuildPhase;
			buildActionMask = 2147483647;
			files = (
			);
			inputPaths = (
			);
			name = "Check Pods Manifest.lock";
			outputPaths = (
			);
			runOnlyForDeploymentPostprocessing = 0;
			shellPath = /bin/sh;
			shellScript = "diff \"${PODS_ROOT}/../Podfile.lock\" \"${PODS_ROOT}/Manifest.lock\" > /dev/null\nif [[ $? != 0 ]] ; then\n    cat << EOM\nerror: The sandbox is not in sync with the Podfile.lock. Run 'pod install' or update your CocoaPods installation.\nEOM\n    exit 1\nfi\n";
			showEnvVarsInLog = 0;
		};
		69808365EA0D490B9CC26CB3 /* Copy Pods Resources */ = {
			isa = PBXShellScriptBuildPhase;
			buildActionMask = 2147483647;
			files = (
			);
			inputPaths = (
			);
			name = "Copy Pods Resources";
			outputPaths = (
			);
			runOnlyForDeploymentPostprocessing = 0;
			shellPath = /bin/sh;
			shellScript = "\"${SRCROOT}/Pods/Target Support Files/Pods/Pods-resources.sh\"\n";
			showEnvVarsInLog = 0;
		};
		F4D01C7B19E7DA20006C8BFD /* Run Script */ = {
			isa = PBXShellScriptBuildPhase;
			buildActionMask = 8;
			files = (
			);
			inputPaths = (
			);
			name = "Run Script";
			outputPaths = (
			);
			runOnlyForDeploymentPostprocessing = 1;
			shellPath = /bin/sh;
			shellScript = "# xcode-build-bump.sh\n# @desc Auto-increment the build number every time the project is run.\n# @usage\n# 1. Select: your Target in Xcode\n# 2. Select: Build Phases Tab\n# 3. Select: Add Build Phase -> Add Run Script\n# 4. Paste code below in to new \"Run Script\" section\n# 5. Drag the \"Run Script\" below \"Link Binaries With Libraries\"\n# 6. Insure that your starting build number is set to a whole integer and not a float (e.g. 1, not 1.0)\n\n# https://gist.github.com/sekati/3172554#file-xcode-build-bump-sh\n\nbuildNumber=$(/usr/libexec/PlistBuddy -c \"Print CFBundleVersion\" \"${PROJECT_DIR}/${INFOPLIST_FILE}\")\nbuildNumber=$(($buildNumber + 1))\n/usr/libexec/PlistBuddy -c \"Set :CFBundleVersion $buildNumber\" \"${PROJECT_DIR}/${INFOPLIST_FILE}\"";
		};
		F4D01C7E19E7DABE006C8BFD /* ShellScript */ = {
			isa = PBXShellScriptBuildPhase;
			buildActionMask = 8;
			files = (
			);
			inputPaths = (
			);
			outputPaths = (
			);
			runOnlyForDeploymentPostprocessing = 1;
			shellPath = /bin/sh;
			shellScript = "# xcode-version-bump.sh\n# @desc Auto-increment the version number (only) when a project is archived for export.\n# @usage\n# 1. Select: your Target in Xcode\n# 2. Select: Build Phases Tab\n# 3. Select: Add Build Phase -> Add Run Script\n# 4. Paste code below in to new \"Run Script\" section\n# 5. Check the checkbox \"Run script only when installing\"\n# 6. Drag the \"Run Script\" below \"Link Binaries With Libraries\"\n# 7. Insure your starting version number is in SemVer format (e.g. 1.0.0.1)\n\n# https://gist.github.com/sekati/3172554#file-xcode-version-bump-sh\n\n# This splits a two-decimal version string, such as \"0.45.123\", allowing us to increment the third position.\n#VERSIONNUM=$(/usr/libexec/PlistBuddy -c \"Print CFBundleShortVersionString\" \"${PROJECT_DIR}/${INFOPLIST_FILE}\")\n#NEWSUBVERSION=`echo $VERSIONNUM | awk -F \".\" '{print $3}'`\n#NEWSUBVERSION=$(($NEWSUBVERSION + 1))\n#NEWVERSIONSTRING=`echo $VERSIONNUM | awk -F \".\" '{print $1 \".\" $2 \".'$NEWSUBVERSION'\" }'`\n#/usr/libexec/PlistBuddy -c \"Set :CFBundleShortVersionString $NEWVERSIONSTRING\" \"${PROJECT_DIR}/${INFOPLIST_FILE}\"";
		};
/* End PBXShellScriptBuildPhase section */

/* Begin PBXSourcesBuildPhase section */
		F4A779701793113E00C770B9 /* Sources */ = {
			isa = PBXSourcesBuildPhase;
			buildActionMask = 2147483647;
			files = (
				F4768C7A19FD3F11003682BD /* STKTableViewCell.m in Sources */,
				F42422A519CD8FCA0097C0F1 /* PASInteractiveTransition.m in Sources */,
				F4589D3D19C240D500E17D49 /* PASPageViewController.m in Sources */,
				F4BB585E19E9F23600221912 /* PASMyPVC.m in Sources */,
				F4D6C4B319BFAB8800465781 /* PASArtistTVCell.m in Sources */,
				F4B8B0B919E060AD00E1064D /* CPFQueryCollectionViewController.m in Sources */,
				F476F0EB19B8D8EA00185544 /* PASArtist.m in Sources */,
				F4A779841793113E00C770B9 /* main.m in Sources */,
				F49618B319BC4CAC00B4F3FE /* PASTimelineCVC.m in Sources */,
				F4FA316819B8B867000337A0 /* UIImage+Utils.m in Sources */,
				F4B8B0B619E039EE00E1064D /* PASAlbumCVCell.m in Sources */,
				F450FCE719F7044D00DF2D38 /* PASManageArtists.m in Sources */,
				F4D9E94F19C39D6200B762A7 /* PASRootVC.m in Sources */,
				F4FEC99A19E3072100935B1E /* MPMediaItemCollection+SourceImage.m in Sources */,
				F4D284D019E0AE26008A3913 /* PASParseObjectWithImages.m in Sources */,
				F4EFD4011A0697EF00AB9436 /* SPTArtist+FICEntity.m in Sources */,
				F4A779881793113E00C770B9 /* PASAppDelegate.m in Sources */,
				F45586551A0506C2000D5893 /* PASAddFromSpotifyTVC.m in Sources */,
				F4D284CD19E087D0008A3913 /* PASAlbum.m in Sources */,
				F48FD13F19F28F6700F072A0 /* PASArtistInfo.m in Sources */,
				F461C8E119EB006C0081B445 /* PASExtendedNavContainer.m in Sources */,
				F476F0F119B8FFA700185544 /* PASAddFromSamplesTVC.m in Sources */,
				F476F0EE19B8D9A100185544 /* PASResources.m in Sources */,
				F40BBA6B18538DAD00877D60 /* PASAddFromMusicTVC.m in Sources */,
				F4DEE4F419FBA808007EBB6A /* MPMediaItem+Passions.m in Sources */,
				F4A814B919E20CBD003879B0 /* NSString+SourceImage.m in Sources */,
				F44E4BB619FE4FB900764532 /* UIColor+Utils.m in Sources */,
				F4694D6419B74ABB00D12576 /* PASFavArtistsTVC.m in Sources */,
			);
			runOnlyForDeploymentPostprocessing = 0;
		};
/* End PBXSourcesBuildPhase section */

/* Begin PBXVariantGroup section */
		F4A779801793113E00C770B9 /* InfoPlist.strings */ = {
			isa = PBXVariantGroup;
			children = (
				F4A779811793113E00C770B9 /* en */,
			);
			name = InfoPlist.strings;
			sourceTree = "<group>";
		};
		F4A7798F1793113E00C770B9 /* iPhone.storyboard */ = {
			isa = PBXVariantGroup;
			children = (
				F4A779901793113E00C770B9 /* en */,
			);
			name = iPhone.storyboard;
			sourceTree = "<group>";
		};
/* End PBXVariantGroup section */

/* Begin XCBuildConfiguration section */
		F4A779951793113E00C770B9 /* Debug */ = {
			isa = XCBuildConfiguration;
			buildSettings = {
				ALWAYS_SEARCH_USER_PATHS = NO;
				CLANG_CXX_LANGUAGE_STANDARD = "gnu++0x";
				CLANG_CXX_LIBRARY = "libc++";
				CLANG_ENABLE_MODULES = YES;
				CLANG_ENABLE_OBJC_ARC = YES;
				CLANG_WARN_CONSTANT_CONVERSION = YES;
				CLANG_WARN_EMPTY_BODY = YES;
				CLANG_WARN_ENUM_CONVERSION = YES;
				CLANG_WARN_INT_CONVERSION = YES;
				CLANG_WARN__DUPLICATE_METHOD_MATCH = YES;
				CODE_SIGN_IDENTITY = "iPhone Developer: Simon Taennler (ZNG9G9Z8CK)";
				COPY_PHASE_STRIP = NO;
				GCC_C_LANGUAGE_STANDARD = gnu99;
				GCC_DYNAMIC_NO_PIC = NO;
				GCC_OPTIMIZATION_LEVEL = 0;
				GCC_PREPROCESSOR_DEFINITIONS = (
					"DEBUG=1",
					"$(inherited)",
				);
				GCC_SYMBOLS_PRIVATE_EXTERN = NO;
				GCC_WARN_ABOUT_RETURN_TYPE = YES;
				GCC_WARN_UNINITIALIZED_AUTOS = YES;
				GCC_WARN_UNUSED_VARIABLE = YES;
				IPHONEOS_DEPLOYMENT_TARGET = 8.0;
				ONLY_ACTIVE_ARCH = YES;
				PROVISIONING_PROFILE = "5db2f2b2-75ed-4410-8171-8724c87ed8ed";
				SDKROOT = iphoneos;
			};
			name = Debug;
		};
		F4A779961793113E00C770B9 /* Release */ = {
			isa = XCBuildConfiguration;
			buildSettings = {
				ALWAYS_SEARCH_USER_PATHS = NO;
				CLANG_CXX_LANGUAGE_STANDARD = "gnu++0x";
				CLANG_CXX_LIBRARY = "libc++";
				CLANG_ENABLE_MODULES = YES;
				CLANG_ENABLE_OBJC_ARC = YES;
				CLANG_WARN_CONSTANT_CONVERSION = YES;
				CLANG_WARN_EMPTY_BODY = YES;
				CLANG_WARN_ENUM_CONVERSION = YES;
				CLANG_WARN_INT_CONVERSION = YES;
				CLANG_WARN__DUPLICATE_METHOD_MATCH = YES;
				CODE_SIGN_IDENTITY = "iPhone Distribution: Simon Taennler (KZ2BJ5Q7N6)";
				COPY_PHASE_STRIP = YES;
				GCC_C_LANGUAGE_STANDARD = gnu99;
				GCC_WARN_ABOUT_RETURN_TYPE = YES;
				GCC_WARN_UNINITIALIZED_AUTOS = YES;
				GCC_WARN_UNUSED_VARIABLE = YES;
				IPHONEOS_DEPLOYMENT_TARGET = 8.0;
				OTHER_CFLAGS = "-DNS_BLOCK_ASSERTIONS=1";
				PROVISIONING_PROFILE = "b7eced55-681f-415d-b17b-a5553070d684";
				SDKROOT = iphoneos;
				VALIDATE_PRODUCT = YES;
			};
			name = Release;
		};
		F4A779981793113E00C770B9 /* Debug */ = {
			isa = XCBuildConfiguration;
			baseConfigurationReference = 8074225D79F3AFFFEE8E01D6 /* Pods.debug.xcconfig */;
			buildSettings = {
				ASSETCATALOG_COMPILER_APPICON_NAME = AppIcon;
				ASSETCATALOG_COMPILER_LAUNCHIMAGE_NAME = LaunchImage;
				CODE_SIGN_IDENTITY = "iPhone Developer: Simon Taennler (ZNG9G9Z8CK)";
				"CODE_SIGN_IDENTITY[sdk=iphoneos*]" = "iPhone Developer: Simon Taennler (ZNG9G9Z8CK)";
				FRAMEWORK_SEARCH_PATHS = (
					"$(inherited)",
					"$(PROJECT_DIR)",
					"$(PROJECT_DIR)/Passions",
				);
				GCC_PRECOMPILE_PREFIX_HEADER = YES;
				GCC_PREFIX_HEADER = "Passions/Passions-Prefix.pch";
				INFOPLIST_FILE = "Passions/Passions-Info.plist";
				IPHONEOS_DEPLOYMENT_TARGET = 8.0;
				PRODUCT_NAME = "$(TARGET_NAME)";
				PROVISIONING_PROFILE = "5db2f2b2-75ed-4410-8171-8724c87ed8ed";
				WRAPPER_EXTENSION = app;
			};
			name = Debug;
		};
		F4A779991793113E00C770B9 /* Release */ = {
			isa = XCBuildConfiguration;
			baseConfigurationReference = 32629A8CC07EC786B4B6BF2B /* Pods.release.xcconfig */;
			buildSettings = {
				ASSETCATALOG_COMPILER_APPICON_NAME = AppIcon;
				ASSETCATALOG_COMPILER_LAUNCHIMAGE_NAME = LaunchImage;
				CODE_SIGN_IDENTITY = "iPhone Distribution: Simon Taennler (KZ2BJ5Q7N6)";
				"CODE_SIGN_IDENTITY[sdk=iphoneos*]" = "iPhone Distribution: Simon Taennler (KZ2BJ5Q7N6)";
				FRAMEWORK_SEARCH_PATHS = (
					"$(inherited)",
					"$(PROJECT_DIR)",
					"$(PROJECT_DIR)/Passions",
				);
				GCC_PRECOMPILE_PREFIX_HEADER = YES;
				GCC_PREFIX_HEADER = "Passions/Passions-Prefix.pch";
				INFOPLIST_FILE = "Passions/Passions-Info.plist";
				IPHONEOS_DEPLOYMENT_TARGET = 8.0;
				ONLY_ACTIVE_ARCH = NO;
				PRODUCT_NAME = "$(TARGET_NAME)";
				PROVISIONING_PROFILE = "b7eced55-681f-415d-b17b-a5553070d684";
				WRAPPER_EXTENSION = app;
			};
			name = Release;
		};
/* End XCBuildConfiguration section */

/* Begin XCConfigurationList section */
		F4A7796F1793113E00C770B9 /* Build configuration list for PBXProject "Passions" */ = {
			isa = XCConfigurationList;
			buildConfigurations = (
				F4A779951793113E00C770B9 /* Debug */,
				F4A779961793113E00C770B9 /* Release */,
			);
			defaultConfigurationIsVisible = 0;
			defaultConfigurationName = Release;
		};
		F4A779971793113E00C770B9 /* Build configuration list for PBXNativeTarget "Passions" */ = {
			isa = XCConfigurationList;
			buildConfigurations = (
				F4A779981793113E00C770B9 /* Debug */,
				F4A779991793113E00C770B9 /* Release */,
			);
			defaultConfigurationIsVisible = 0;
			defaultConfigurationName = Release;
		};
/* End XCConfigurationList section */
	};
	rootObject = F4A7796C1793113E00C770B9 /* Project object */;
}
